// !$*UTF8*$!
{
	archiveVersion = 1;
	classes = {
	};
	objectVersion = 56;
	objects = {

/* Begin PBXBuildFile section */
		E82420BE2ADFF45E00B6993D /* NewDeckTableViewCell.swift in Sources */ = {isa = PBXBuildFile; fileRef = E82420BD2ADFF45E00B6993D /* NewDeckTableViewCell.swift */; };
		E83577B22AE09FD000C37473 /* DeckColorTableViewCell.swift in Sources */ = {isa = PBXBuildFile; fileRef = E83577B12AE09FD000C37473 /* DeckColorTableViewCell.swift */; };
		E83577BA2AE150A100C37473 /* DeckImageTableViewCell.swift in Sources */ = {isa = PBXBuildFile; fileRef = E83577B92AE150A100C37473 /* DeckImageTableViewCell.swift */; };
		E83FFE412ADE8B0F00C9A01A /* NewDeckViewController.swift in Sources */ = {isa = PBXBuildFile; fileRef = E83FFE402ADE8B0F00C9A01A /* NewDeckViewController.swift */; };
		E83FFE442ADE8EC300C9A01A /* NewDeckView.swift in Sources */ = {isa = PBXBuildFile; fileRef = E83FFE432ADE8EC300C9A01A /* NewDeckView.swift */; };
		E83FFE472ADEB2C900C9A01A /* ImportViewController.swift in Sources */ = {isa = PBXBuildFile; fileRef = E83FFE462ADEB2C900C9A01A /* ImportViewController.swift */; };
		E8444D8F2AD9B644001D2B33 /* WordsBrain.swift in Sources */ = {isa = PBXBuildFile; fileRef = E8444D8E2AD9B644001D2B33 /* WordsBrain.swift */; };
		E8444D932AD9DC2A001D2B33 /* WordDecks.swift in Sources */ = {isa = PBXBuildFile; fileRef = E8444D922AD9DC2A001D2B33 /* WordDecks.swift */; };
		E8444D9A2ADA05BC001D2B33 /* DecksGroup.swift in Sources */ = {isa = PBXBuildFile; fileRef = E8444D992ADA05BC001D2B33 /* DecksGroup.swift */; };
		E858E1732AD7619700E37212 /* Ext + UIView.swift in Sources */ = {isa = PBXBuildFile; fileRef = E858E1722AD7619700E37212 /* Ext + UIView.swift */; };
		E858E1762AD7622000E37212 /* Ext + UIColor .swift in Sources */ = {isa = PBXBuildFile; fileRef = E858E1752AD7622000E37212 /* Ext + UIColor .swift */; };
		E858E1782AD7624400E37212 /* SplashScreenView.swift in Sources */ = {isa = PBXBuildFile; fileRef = E858E1772AD7624400E37212 /* SplashScreenView.swift */; };
		E858E17C2AD8244E00E37212 /* UIComponentsHelper.swift in Sources */ = {isa = PBXBuildFile; fileRef = E858E17B2AD8244E00E37212 /* UIComponentsHelper.swift */; };
		E858E1922AD82F0000E37212 /* Poppins-Italic.ttf in Resources */ = {isa = PBXBuildFile; fileRef = E858E17F2AD82EFF00E37212 /* Poppins-Italic.ttf */; };
		E858E1932AD82F0000E37212 /* Poppins-ExtraBoldItalic.ttf in Resources */ = {isa = PBXBuildFile; fileRef = E858E1802AD82EFF00E37212 /* Poppins-ExtraBoldItalic.ttf */; };
		E858E1942AD82F0000E37212 /* Poppins-ExtraBold.ttf in Resources */ = {isa = PBXBuildFile; fileRef = E858E1812AD82EFF00E37212 /* Poppins-ExtraBold.ttf */; };
		E858E1952AD82F0000E37212 /* Poppins-LightItalic.ttf in Resources */ = {isa = PBXBuildFile; fileRef = E858E1822AD82EFF00E37212 /* Poppins-LightItalic.ttf */; };
		E858E1962AD82F0000E37212 /* Poppins-Black.ttf in Resources */ = {isa = PBXBuildFile; fileRef = E858E1832AD82EFF00E37212 /* Poppins-Black.ttf */; };
		E858E1972AD82F0000E37212 /* Poppins-ExtraLightItalic.ttf in Resources */ = {isa = PBXBuildFile; fileRef = E858E1842AD82EFF00E37212 /* Poppins-ExtraLightItalic.ttf */; };
		E858E1982AD82F0000E37212 /* Poppins-SemiBoldItalic.ttf in Resources */ = {isa = PBXBuildFile; fileRef = E858E1852AD82EFF00E37212 /* Poppins-SemiBoldItalic.ttf */; };
		E858E1992AD82F0000E37212 /* Poppins-Thin.ttf in Resources */ = {isa = PBXBuildFile; fileRef = E858E1862AD82EFF00E37212 /* Poppins-Thin.ttf */; };
		E858E19A2AD82F0000E37212 /* Poppins-Light.ttf in Resources */ = {isa = PBXBuildFile; fileRef = E858E1872AD82EFF00E37212 /* Poppins-Light.ttf */; };
		E858E19B2AD82F0000E37212 /* Poppins-ThinItalic.ttf in Resources */ = {isa = PBXBuildFile; fileRef = E858E1882AD82EFF00E37212 /* Poppins-ThinItalic.ttf */; };
		E858E19C2AD82F0000E37212 /* Poppins-SemiBold.ttf in Resources */ = {isa = PBXBuildFile; fileRef = E858E1892AD82EFF00E37212 /* Poppins-SemiBold.ttf */; };
		E858E19D2AD82F0000E37212 /* Poppins-BlackItalic.ttf in Resources */ = {isa = PBXBuildFile; fileRef = E858E18A2AD82EFF00E37212 /* Poppins-BlackItalic.ttf */; };
		E858E19E2AD82F0000E37212 /* Poppins-Bold.ttf in Resources */ = {isa = PBXBuildFile; fileRef = E858E18B2AD82EFF00E37212 /* Poppins-Bold.ttf */; };
		E858E19F2AD82F0000E37212 /* Poppins-ExtraLight.ttf in Resources */ = {isa = PBXBuildFile; fileRef = E858E18C2AD82EFF00E37212 /* Poppins-ExtraLight.ttf */; };
		E858E1A02AD82F0000E37212 /* Poppins-BoldItalic.ttf in Resources */ = {isa = PBXBuildFile; fileRef = E858E18D2AD82EFF00E37212 /* Poppins-BoldItalic.ttf */; };
		E858E1A12AD82F0000E37212 /* Poppins-MediumItalic.ttf in Resources */ = {isa = PBXBuildFile; fileRef = E858E18E2AD82EFF00E37212 /* Poppins-MediumItalic.ttf */; };
		E858E1A22AD82F0000E37212 /* OFL.txt in Resources */ = {isa = PBXBuildFile; fileRef = E858E18F2AD82F0000E37212 /* OFL.txt */; };
		E858E1A32AD82F0000E37212 /* Poppins-Medium.ttf in Resources */ = {isa = PBXBuildFile; fileRef = E858E1902AD82F0000E37212 /* Poppins-Medium.ttf */; };
		E858E1A42AD82F0000E37212 /* Poppins-Regular.ttf in Resources */ = {isa = PBXBuildFile; fileRef = E858E1912AD82F0000E37212 /* Poppins-Regular.ttf */; };
		E858E1A72AD83D4400E37212 /* HomePageController.swift in Sources */ = {isa = PBXBuildFile; fileRef = E858E1A62AD83D4400E37212 /* HomePageController.swift */; };
		E858E1AC2AD83E3E00E37212 /* HomePageView.swift in Sources */ = {isa = PBXBuildFile; fileRef = E858E1AB2AD83E3E00E37212 /* HomePageView.swift */; };
		E8E358C12AD755CB00EE32E6 /* AppDelegate.swift in Sources */ = {isa = PBXBuildFile; fileRef = E8E358C02AD755CB00EE32E6 /* AppDelegate.swift */; };
		E8E358C32AD755CB00EE32E6 /* SceneDelegate.swift in Sources */ = {isa = PBXBuildFile; fileRef = E8E358C22AD755CB00EE32E6 /* SceneDelegate.swift */; };
		E8E358C52AD755CB00EE32E6 /* SplashScreenViewController.swift in Sources */ = {isa = PBXBuildFile; fileRef = E8E358C42AD755CB00EE32E6 /* SplashScreenViewController.swift */; };
		E8E358CA2AD755CE00EE32E6 /* Assets.xcassets in Resources */ = {isa = PBXBuildFile; fileRef = E8E358C92AD755CE00EE32E6 /* Assets.xcassets */; };
		E8E358CD2AD755CE00EE32E6 /* LaunchScreen.storyboard in Resources */ = {isa = PBXBuildFile; fileRef = E8E358CB2AD755CE00EE32E6 /* LaunchScreen.storyboard */; };
		E8E358D82AD755CE00EE32E6 /* reminderToWordsTests.swift in Sources */ = {isa = PBXBuildFile; fileRef = E8E358D72AD755CE00EE32E6 /* reminderToWordsTests.swift */; };
		E8E358E22AD755CE00EE32E6 /* reminderToWordsUITests.swift in Sources */ = {isa = PBXBuildFile; fileRef = E8E358E12AD755CE00EE32E6 /* reminderToWordsUITests.swift */; };
		E8E358E42AD755CE00EE32E6 /* reminderToWordsUITestsLaunchTests.swift in Sources */ = {isa = PBXBuildFile; fileRef = E8E358E32AD755CE00EE32E6 /* reminderToWordsUITestsLaunchTests.swift */; };
/* End PBXBuildFile section */

/* Begin PBXContainerItemProxy section */
		E8E358D42AD755CE00EE32E6 /* PBXContainerItemProxy */ = {
			isa = PBXContainerItemProxy;
			containerPortal = E8E358B52AD755CB00EE32E6 /* Project object */;
			proxyType = 1;
			remoteGlobalIDString = E8E358BC2AD755CB00EE32E6;
			remoteInfo = reminderToWords;
		};
		E8E358DE2AD755CE00EE32E6 /* PBXContainerItemProxy */ = {
			isa = PBXContainerItemProxy;
			containerPortal = E8E358B52AD755CB00EE32E6 /* Project object */;
			proxyType = 1;
			remoteGlobalIDString = E8E358BC2AD755CB00EE32E6;
			remoteInfo = reminderToWords;
		};
/* End PBXContainerItemProxy section */

/* Begin PBXFileReference section */
		E82420BD2ADFF45E00B6993D /* NewDeckTableViewCell.swift */ = {isa = PBXFileReference; lastKnownFileType = sourcecode.swift; path = NewDeckTableViewCell.swift; sourceTree = "<group>"; };
		E83577B12AE09FD000C37473 /* DeckColorTableViewCell.swift */ = {isa = PBXFileReference; lastKnownFileType = sourcecode.swift; path = DeckColorTableViewCell.swift; sourceTree = "<group>"; };
		E83577B92AE150A100C37473 /* DeckImageTableViewCell.swift */ = {isa = PBXFileReference; lastKnownFileType = sourcecode.swift; path = DeckImageTableViewCell.swift; sourceTree = "<group>"; };
		E83FFE402ADE8B0F00C9A01A /* NewDeckViewController.swift */ = {isa = PBXFileReference; lastKnownFileType = sourcecode.swift; path = NewDeckViewController.swift; sourceTree = "<group>"; };
		E83FFE432ADE8EC300C9A01A /* NewDeckView.swift */ = {isa = PBXFileReference; lastKnownFileType = sourcecode.swift; path = NewDeckView.swift; sourceTree = "<group>"; };
		E83FFE462ADEB2C900C9A01A /* ImportViewController.swift */ = {isa = PBXFileReference; lastKnownFileType = sourcecode.swift; path = ImportViewController.swift; sourceTree = "<group>"; };
		E8444D8E2AD9B644001D2B33 /* WordsBrain.swift */ = {isa = PBXFileReference; lastKnownFileType = sourcecode.swift; path = WordsBrain.swift; sourceTree = "<group>"; };
		E8444D922AD9DC2A001D2B33 /* WordDecks.swift */ = {isa = PBXFileReference; lastKnownFileType = sourcecode.swift; path = WordDecks.swift; sourceTree = "<group>"; };
		E8444D992ADA05BC001D2B33 /* DecksGroup.swift */ = {isa = PBXFileReference; lastKnownFileType = sourcecode.swift; path = DecksGroup.swift; sourceTree = "<group>"; };
		E858E1722AD7619700E37212 /* Ext + UIView.swift */ = {isa = PBXFileReference; lastKnownFileType = sourcecode.swift; path = "Ext + UIView.swift"; sourceTree = "<group>"; };
		E858E1752AD7622000E37212 /* Ext + UIColor .swift */ = {isa = PBXFileReference; lastKnownFileType = sourcecode.swift; path = "Ext + UIColor .swift"; sourceTree = "<group>"; };
		E858E1772AD7624400E37212 /* SplashScreenView.swift */ = {isa = PBXFileReference; lastKnownFileType = sourcecode.swift; path = SplashScreenView.swift; sourceTree = "<group>"; };
		E858E17B2AD8244E00E37212 /* UIComponentsHelper.swift */ = {isa = PBXFileReference; lastKnownFileType = sourcecode.swift; path = UIComponentsHelper.swift; sourceTree = "<group>"; };
		E858E17F2AD82EFF00E37212 /* Poppins-Italic.ttf */ = {isa = PBXFileReference; lastKnownFileType = file; name = "Poppins-Italic.ttf"; path = "../../../../../Downloads/Poppins/Poppins-Italic.ttf"; sourceTree = "<group>"; };
		E858E1802AD82EFF00E37212 /* Poppins-ExtraBoldItalic.ttf */ = {isa = PBXFileReference; lastKnownFileType = file; name = "Poppins-ExtraBoldItalic.ttf"; path = "../../../../../Downloads/Poppins/Poppins-ExtraBoldItalic.ttf"; sourceTree = "<group>"; };
		E858E1812AD82EFF00E37212 /* Poppins-ExtraBold.ttf */ = {isa = PBXFileReference; lastKnownFileType = file; name = "Poppins-ExtraBold.ttf"; path = "../../../../../Downloads/Poppins/Poppins-ExtraBold.ttf"; sourceTree = "<group>"; };
		E858E1822AD82EFF00E37212 /* Poppins-LightItalic.ttf */ = {isa = PBXFileReference; lastKnownFileType = file; name = "Poppins-LightItalic.ttf"; path = "../../../../../Downloads/Poppins/Poppins-LightItalic.ttf"; sourceTree = "<group>"; };
		E858E1832AD82EFF00E37212 /* Poppins-Black.ttf */ = {isa = PBXFileReference; lastKnownFileType = file; name = "Poppins-Black.ttf"; path = "../../../../../Downloads/Poppins/Poppins-Black.ttf"; sourceTree = "<group>"; };
		E858E1842AD82EFF00E37212 /* Poppins-ExtraLightItalic.ttf */ = {isa = PBXFileReference; lastKnownFileType = file; name = "Poppins-ExtraLightItalic.ttf"; path = "../../../../../Downloads/Poppins/Poppins-ExtraLightItalic.ttf"; sourceTree = "<group>"; };
		E858E1852AD82EFF00E37212 /* Poppins-SemiBoldItalic.ttf */ = {isa = PBXFileReference; lastKnownFileType = file; name = "Poppins-SemiBoldItalic.ttf"; path = "../../../../../Downloads/Poppins/Poppins-SemiBoldItalic.ttf"; sourceTree = "<group>"; };
		E858E1862AD82EFF00E37212 /* Poppins-Thin.ttf */ = {isa = PBXFileReference; lastKnownFileType = file; name = "Poppins-Thin.ttf"; path = "../../../../../Downloads/Poppins/Poppins-Thin.ttf"; sourceTree = "<group>"; };
		E858E1872AD82EFF00E37212 /* Poppins-Light.ttf */ = {isa = PBXFileReference; lastKnownFileType = file; name = "Poppins-Light.ttf"; path = "../../../../../Downloads/Poppins/Poppins-Light.ttf"; sourceTree = "<group>"; };
		E858E1882AD82EFF00E37212 /* Poppins-ThinItalic.ttf */ = {isa = PBXFileReference; lastKnownFileType = file; name = "Poppins-ThinItalic.ttf"; path = "../../../../../Downloads/Poppins/Poppins-ThinItalic.ttf"; sourceTree = "<group>"; };
		E858E1892AD82EFF00E37212 /* Poppins-SemiBold.ttf */ = {isa = PBXFileReference; lastKnownFileType = file; name = "Poppins-SemiBold.ttf"; path = "../../../../../Downloads/Poppins/Poppins-SemiBold.ttf"; sourceTree = "<group>"; };
		E858E18A2AD82EFF00E37212 /* Poppins-BlackItalic.ttf */ = {isa = PBXFileReference; lastKnownFileType = file; name = "Poppins-BlackItalic.ttf"; path = "../../../../../Downloads/Poppins/Poppins-BlackItalic.ttf"; sourceTree = "<group>"; };
		E858E18B2AD82EFF00E37212 /* Poppins-Bold.ttf */ = {isa = PBXFileReference; lastKnownFileType = file; name = "Poppins-Bold.ttf"; path = "../../../../../Downloads/Poppins/Poppins-Bold.ttf"; sourceTree = "<group>"; };
		E858E18C2AD82EFF00E37212 /* Poppins-ExtraLight.ttf */ = {isa = PBXFileReference; lastKnownFileType = file; name = "Poppins-ExtraLight.ttf"; path = "../../../../../Downloads/Poppins/Poppins-ExtraLight.ttf"; sourceTree = "<group>"; };
		E858E18D2AD82EFF00E37212 /* Poppins-BoldItalic.ttf */ = {isa = PBXFileReference; lastKnownFileType = file; name = "Poppins-BoldItalic.ttf"; path = "../../../../../Downloads/Poppins/Poppins-BoldItalic.ttf"; sourceTree = "<group>"; };
		E858E18E2AD82EFF00E37212 /* Poppins-MediumItalic.ttf */ = {isa = PBXFileReference; lastKnownFileType = file; name = "Poppins-MediumItalic.ttf"; path = "../../../../../Downloads/Poppins/Poppins-MediumItalic.ttf"; sourceTree = "<group>"; };
		E858E18F2AD82F0000E37212 /* OFL.txt */ = {isa = PBXFileReference; fileEncoding = 4; lastKnownFileType = text; name = OFL.txt; path = ../../../../../Downloads/Poppins/OFL.txt; sourceTree = "<group>"; };
		E858E1902AD82F0000E37212 /* Poppins-Medium.ttf */ = {isa = PBXFileReference; lastKnownFileType = file; name = "Poppins-Medium.ttf"; path = "../../../../../Downloads/Poppins/Poppins-Medium.ttf"; sourceTree = "<group>"; };
		E858E1912AD82F0000E37212 /* Poppins-Regular.ttf */ = {isa = PBXFileReference; lastKnownFileType = file; name = "Poppins-Regular.ttf"; path = "../../../../../Downloads/Poppins/Poppins-Regular.ttf"; sourceTree = "<group>"; };
		E858E1A62AD83D4400E37212 /* HomePageController.swift */ = {isa = PBXFileReference; lastKnownFileType = sourcecode.swift; path = HomePageController.swift; sourceTree = "<group>"; };
		E858E1AB2AD83E3E00E37212 /* HomePageView.swift */ = {isa = PBXFileReference; lastKnownFileType = sourcecode.swift; path = HomePageView.swift; sourceTree = "<group>"; };
		E8E358BD2AD755CB00EE32E6 /* reminderToWords.app */ = {isa = PBXFileReference; explicitFileType = wrapper.application; includeInIndex = 0; path = reminderToWords.app; sourceTree = BUILT_PRODUCTS_DIR; };
		E8E358C02AD755CB00EE32E6 /* AppDelegate.swift */ = {isa = PBXFileReference; lastKnownFileType = sourcecode.swift; path = AppDelegate.swift; sourceTree = "<group>"; };
		E8E358C22AD755CB00EE32E6 /* SceneDelegate.swift */ = {isa = PBXFileReference; lastKnownFileType = sourcecode.swift; path = SceneDelegate.swift; sourceTree = "<group>"; };
		E8E358C42AD755CB00EE32E6 /* SplashScreenViewController.swift */ = {isa = PBXFileReference; lastKnownFileType = sourcecode.swift; path = SplashScreenViewController.swift; sourceTree = "<group>"; };
		E8E358C92AD755CE00EE32E6 /* Assets.xcassets */ = {isa = PBXFileReference; lastKnownFileType = folder.assetcatalog; path = Assets.xcassets; sourceTree = "<group>"; };
		E8E358CC2AD755CE00EE32E6 /* Base */ = {isa = PBXFileReference; lastKnownFileType = file.storyboard; name = Base; path = Base.lproj/LaunchScreen.storyboard; sourceTree = "<group>"; };
		E8E358CE2AD755CE00EE32E6 /* Info.plist */ = {isa = PBXFileReference; lastKnownFileType = text.plist.xml; path = Info.plist; sourceTree = "<group>"; };
		E8E358D32AD755CE00EE32E6 /* reminderToWordsTests.xctest */ = {isa = PBXFileReference; explicitFileType = wrapper.cfbundle; includeInIndex = 0; path = reminderToWordsTests.xctest; sourceTree = BUILT_PRODUCTS_DIR; };
		E8E358D72AD755CE00EE32E6 /* reminderToWordsTests.swift */ = {isa = PBXFileReference; lastKnownFileType = sourcecode.swift; path = reminderToWordsTests.swift; sourceTree = "<group>"; };
		E8E358DD2AD755CE00EE32E6 /* reminderToWordsUITests.xctest */ = {isa = PBXFileReference; explicitFileType = wrapper.cfbundle; includeInIndex = 0; path = reminderToWordsUITests.xctest; sourceTree = BUILT_PRODUCTS_DIR; };
		E8E358E12AD755CE00EE32E6 /* reminderToWordsUITests.swift */ = {isa = PBXFileReference; lastKnownFileType = sourcecode.swift; path = reminderToWordsUITests.swift; sourceTree = "<group>"; };
		E8E358E32AD755CE00EE32E6 /* reminderToWordsUITestsLaunchTests.swift */ = {isa = PBXFileReference; lastKnownFileType = sourcecode.swift; path = reminderToWordsUITestsLaunchTests.swift; sourceTree = "<group>"; };
/* End PBXFileReference section */

/* Begin PBXFrameworksBuildPhase section */
		E8E358BA2AD755CB00EE32E6 /* Frameworks */ = {
			isa = PBXFrameworksBuildPhase;
			buildActionMask = 2147483647;
			files = (
			);
			runOnlyForDeploymentPostprocessing = 0;
		};
		E8E358D02AD755CE00EE32E6 /* Frameworks */ = {
			isa = PBXFrameworksBuildPhase;
			buildActionMask = 2147483647;
			files = (
			);
			runOnlyForDeploymentPostprocessing = 0;
		};
		E8E358DA2AD755CE00EE32E6 /* Frameworks */ = {
			isa = PBXFrameworksBuildPhase;
			buildActionMask = 2147483647;
			files = (
			);
			runOnlyForDeploymentPostprocessing = 0;
		};
/* End PBXFrameworksBuildPhase section */

/* Begin PBXGroup section */
		E82420BC2ADFF43E00B6993D /* NewDeckCell */ = {
			isa = PBXGroup;
			children = (
				E82420BD2ADFF45E00B6993D /* NewDeckTableViewCell.swift */,
				E83577B12AE09FD000C37473 /* DeckColorTableViewCell.swift */,
				E83577B92AE150A100C37473 /* DeckImageTableViewCell.swift */,
			);
			path = NewDeckCell;
			sourceTree = "<group>";
		};
		E83577B52AE0A0B900C37473 /* Word */ = {
			isa = PBXGroup;
			children = (
				E8444D8E2AD9B644001D2B33 /* WordsBrain.swift */,
				E8444D922AD9DC2A001D2B33 /* WordDecks.swift */,
			);
			path = Word;
			sourceTree = "<group>";
		};
		E83577B62AE0A0C300C37473 /* Deck */ = {
			isa = PBXGroup;
			children = (
				E8444D992ADA05BC001D2B33 /* DecksGroup.swift */,
			);
			path = Deck;
			sourceTree = "<group>";
		};
		E83FFE3F2ADE8AFB00C9A01A /* NewDeck */ = {
			isa = PBXGroup;
			children = (
				E82420BC2ADFF43E00B6993D /* NewDeckCell */,
				E83FFE402ADE8B0F00C9A01A /* NewDeckViewController.swift */,
			);
			path = NewDeck;
			sourceTree = "<group>";
		};
		E83FFE422ADE8EB900C9A01A /* NewDeck */ = {
			isa = PBXGroup;
			children = (
				E83FFE432ADE8EC300C9A01A /* NewDeckView.swift */,
			);
			path = NewDeck;
			sourceTree = "<group>";
		};
		E83FFE452ADEB2AE00C9A01A /* ImportVC */ = {
			isa = PBXGroup;
			children = (
				E83FFE462ADEB2C900C9A01A /* ImportViewController.swift */,
			);
			path = ImportVC;
			sourceTree = "<group>";
		};
		E858E16E2AD760C700E37212 /* Settings */ = {
			isa = PBXGroup;
			children = (
				E8E358CB2AD755CE00EE32E6 /* LaunchScreen.storyboard */,
				E8E358C22AD755CB00EE32E6 /* SceneDelegate.swift */,
				E8E358C02AD755CB00EE32E6 /* AppDelegate.swift */,
			);
			path = Settings;
			sourceTree = "<group>";
		};
		E858E16F2AD760EF00E37212 /* Model */ = {
			isa = PBXGroup;
			children = (
				E83577B62AE0A0C300C37473 /* Deck */,
				E83577B52AE0A0B900C37473 /* Word */,
			);
			path = Model;
			sourceTree = "<group>";
		};
		E858E1702AD760F400E37212 /* View */ = {
			isa = PBXGroup;
			children = (
				E83FFE422ADE8EB900C9A01A /* NewDeck */,
				E858E1AA2AD83E3100E37212 /* HomePage */,
				E858E1A92AD83E1D00E37212 /* SplashScreen */,
			);
			path = View;
			sourceTree = "<group>";
		};
		E858E1712AD760F800E37212 /* Controller */ = {
			isa = PBXGroup;
			children = (
				E83FFE452ADEB2AE00C9A01A /* ImportVC */,
				E83FFE3F2ADE8AFB00C9A01A /* NewDeck */,
				E858E1A82AD83D4800E37212 /* HomePageVC */,
				E858E1A52AD83B5C00E37212 /* SplashVc */,
			);
			path = Controller;
			sourceTree = "<group>";
		};
		E858E1742AD7619B00E37212 /* Extensions */ = {
			isa = PBXGroup;
			children = (
				E858E1722AD7619700E37212 /* Ext + UIView.swift */,
				E858E1752AD7622000E37212 /* Ext + UIColor .swift */,
			);
			path = Extensions;
			sourceTree = "<group>";
		};
		E858E17D2AD824EC00E37212 /* Helpers */ = {
			isa = PBXGroup;
			children = (
				E858E17B2AD8244E00E37212 /* UIComponentsHelper.swift */,
			);
			path = Helpers;
			sourceTree = "<group>";
		};
		E858E17E2AD82EEC00E37212 /* PoppinsFont */ = {
			isa = PBXGroup;
			children = (
				E858E18F2AD82F0000E37212 /* OFL.txt */,
				E858E1832AD82EFF00E37212 /* Poppins-Black.ttf */,
				E858E18A2AD82EFF00E37212 /* Poppins-BlackItalic.ttf */,
				E858E18B2AD82EFF00E37212 /* Poppins-Bold.ttf */,
				E858E18D2AD82EFF00E37212 /* Poppins-BoldItalic.ttf */,
				E858E1812AD82EFF00E37212 /* Poppins-ExtraBold.ttf */,
				E858E1802AD82EFF00E37212 /* Poppins-ExtraBoldItalic.ttf */,
				E858E18C2AD82EFF00E37212 /* Poppins-ExtraLight.ttf */,
				E858E1842AD82EFF00E37212 /* Poppins-ExtraLightItalic.ttf */,
				E858E17F2AD82EFF00E37212 /* Poppins-Italic.ttf */,
				E858E1872AD82EFF00E37212 /* Poppins-Light.ttf */,
				E858E1822AD82EFF00E37212 /* Poppins-LightItalic.ttf */,
				E858E1902AD82F0000E37212 /* Poppins-Medium.ttf */,
				E858E18E2AD82EFF00E37212 /* Poppins-MediumItalic.ttf */,
				E858E1912AD82F0000E37212 /* Poppins-Regular.ttf */,
				E858E1892AD82EFF00E37212 /* Poppins-SemiBold.ttf */,
				E858E1852AD82EFF00E37212 /* Poppins-SemiBoldItalic.ttf */,
				E858E1862AD82EFF00E37212 /* Poppins-Thin.ttf */,
				E858E1882AD82EFF00E37212 /* Poppins-ThinItalic.ttf */,
			);
			path = PoppinsFont;
			sourceTree = "<group>";
		};
		E858E1A52AD83B5C00E37212 /* SplashVc */ = {
			isa = PBXGroup;
			children = (
				E8E358C42AD755CB00EE32E6 /* SplashScreenViewController.swift */,
			);
			path = SplashVc;
			sourceTree = "<group>";
		};
		E858E1A82AD83D4800E37212 /* HomePageVC */ = {
			isa = PBXGroup;
			children = (
				E858E1A62AD83D4400E37212 /* HomePageController.swift */,
			);
			path = HomePageVC;
			sourceTree = "<group>";
		};
		E858E1A92AD83E1D00E37212 /* SplashScreen */ = {
			isa = PBXGroup;
			children = (
				E858E1772AD7624400E37212 /* SplashScreenView.swift */,
			);
			path = SplashScreen;
			sourceTree = "<group>";
		};
		E858E1AA2AD83E3100E37212 /* HomePage */ = {
			isa = PBXGroup;
			children = (
				E858E1AB2AD83E3E00E37212 /* HomePageView.swift */,
			);
			path = HomePage;
			sourceTree = "<group>";
		};
		E8E358B42AD755CB00EE32E6 = {
			isa = PBXGroup;
			children = (
				E8E358BF2AD755CB00EE32E6 /* reminderToWords */,
				E8E358D62AD755CE00EE32E6 /* reminderToWordsTests */,
				E8E358E02AD755CE00EE32E6 /* reminderToWordsUITests */,
				E8E358BE2AD755CB00EE32E6 /* Products */,
			);
			sourceTree = "<group>";
		};
		E8E358BE2AD755CB00EE32E6 /* Products */ = {
			isa = PBXGroup;
			children = (
				E8E358BD2AD755CB00EE32E6 /* reminderToWords.app */,
				E8E358D32AD755CE00EE32E6 /* reminderToWordsTests.xctest */,
				E8E358DD2AD755CE00EE32E6 /* reminderToWordsUITests.xctest */,
			);
			name = Products;
			sourceTree = "<group>";
		};
		E8E358BF2AD755CB00EE32E6 /* reminderToWords */ = {
			isa = PBXGroup;
			children = (
				E858E17D2AD824EC00E37212 /* Helpers */,
				E858E1742AD7619B00E37212 /* Extensions */,
				E858E1712AD760F800E37212 /* Controller */,
				E858E1702AD760F400E37212 /* View */,
				E858E16F2AD760EF00E37212 /* Model */,
				E8E358C92AD755CE00EE32E6 /* Assets.xcassets */,
				E858E16E2AD760C700E37212 /* Settings */,
				E858E17E2AD82EEC00E37212 /* PoppinsFont */,
				E8E358CE2AD755CE00EE32E6 /* Info.plist */,
			);
			path = reminderToWords;
			sourceTree = "<group>";
		};
		E8E358D62AD755CE00EE32E6 /* reminderToWordsTests */ = {
			isa = PBXGroup;
			children = (
				E8E358D72AD755CE00EE32E6 /* reminderToWordsTests.swift */,
			);
			path = reminderToWordsTests;
			sourceTree = "<group>";
		};
		E8E358E02AD755CE00EE32E6 /* reminderToWordsUITests */ = {
			isa = PBXGroup;
			children = (
				E8E358E12AD755CE00EE32E6 /* reminderToWordsUITests.swift */,
				E8E358E32AD755CE00EE32E6 /* reminderToWordsUITestsLaunchTests.swift */,
			);
			path = reminderToWordsUITests;
			sourceTree = "<group>";
		};
/* End PBXGroup section */

/* Begin PBXNativeTarget section */
		E8E358BC2AD755CB00EE32E6 /* reminderToWords */ = {
			isa = PBXNativeTarget;
			buildConfigurationList = E8E358E72AD755CE00EE32E6 /* Build configuration list for PBXNativeTarget "reminderToWords" */;
			buildPhases = (
				E8E358B92AD755CB00EE32E6 /* Sources */,
				E8E358BA2AD755CB00EE32E6 /* Frameworks */,
				E8E358BB2AD755CB00EE32E6 /* Resources */,
			);
			buildRules = (
			);
			dependencies = (
			);
			name = reminderToWords;
			productName = reminderToWords;
			productReference = E8E358BD2AD755CB00EE32E6 /* reminderToWords.app */;
			productType = "com.apple.product-type.application";
		};
		E8E358D22AD755CE00EE32E6 /* reminderToWordsTests */ = {
			isa = PBXNativeTarget;
			buildConfigurationList = E8E358EA2AD755CE00EE32E6 /* Build configuration list for PBXNativeTarget "reminderToWordsTests" */;
			buildPhases = (
				E8E358CF2AD755CE00EE32E6 /* Sources */,
				E8E358D02AD755CE00EE32E6 /* Frameworks */,
				E8E358D12AD755CE00EE32E6 /* Resources */,
			);
			buildRules = (
			);
			dependencies = (
				E8E358D52AD755CE00EE32E6 /* PBXTargetDependency */,
			);
			name = reminderToWordsTests;
			productName = reminderToWordsTests;
			productReference = E8E358D32AD755CE00EE32E6 /* reminderToWordsTests.xctest */;
			productType = "com.apple.product-type.bundle.unit-test";
		};
		E8E358DC2AD755CE00EE32E6 /* reminderToWordsUITests */ = {
			isa = PBXNativeTarget;
			buildConfigurationList = E8E358ED2AD755CE00EE32E6 /* Build configuration list for PBXNativeTarget "reminderToWordsUITests" */;
			buildPhases = (
				E8E358D92AD755CE00EE32E6 /* Sources */,
				E8E358DA2AD755CE00EE32E6 /* Frameworks */,
				E8E358DB2AD755CE00EE32E6 /* Resources */,
			);
			buildRules = (
			);
			dependencies = (
				E8E358DF2AD755CE00EE32E6 /* PBXTargetDependency */,
			);
			name = reminderToWordsUITests;
			productName = reminderToWordsUITests;
			productReference = E8E358DD2AD755CE00EE32E6 /* reminderToWordsUITests.xctest */;
			productType = "com.apple.product-type.bundle.ui-testing";
		};
/* End PBXNativeTarget section */

/* Begin PBXProject section */
		E8E358B52AD755CB00EE32E6 /* Project object */ = {
			isa = PBXProject;
			attributes = {
				BuildIndependentTargetsInParallel = 1;
				LastSwiftUpdateCheck = 1500;
				LastUpgradeCheck = 1500;
				TargetAttributes = {
					E8E358BC2AD755CB00EE32E6 = {
						CreatedOnToolsVersion = 15.0;
					};
					E8E358D22AD755CE00EE32E6 = {
						CreatedOnToolsVersion = 15.0;
						TestTargetID = E8E358BC2AD755CB00EE32E6;
					};
					E8E358DC2AD755CE00EE32E6 = {
						CreatedOnToolsVersion = 15.0;
						TestTargetID = E8E358BC2AD755CB00EE32E6;
					};
				};
			};
			buildConfigurationList = E8E358B82AD755CB00EE32E6 /* Build configuration list for PBXProject "reminderToWords" */;
			compatibilityVersion = "Xcode 14.0";
			developmentRegion = en;
			hasScannedForEncodings = 0;
			knownRegions = (
				en,
				Base,
			);
			mainGroup = E8E358B42AD755CB00EE32E6;
			productRefGroup = E8E358BE2AD755CB00EE32E6 /* Products */;
			projectDirPath = "";
			projectRoot = "";
			targets = (
				E8E358BC2AD755CB00EE32E6 /* reminderToWords */,
				E8E358D22AD755CE00EE32E6 /* reminderToWordsTests */,
				E8E358DC2AD755CE00EE32E6 /* reminderToWordsUITests */,
			);
		};
/* End PBXProject section */

/* Begin PBXResourcesBuildPhase section */
		E8E358BB2AD755CB00EE32E6 /* Resources */ = {
			isa = PBXResourcesBuildPhase;
			buildActionMask = 2147483647;
			files = (
				E858E1972AD82F0000E37212 /* Poppins-ExtraLightItalic.ttf in Resources */,
				E858E1932AD82F0000E37212 /* Poppins-ExtraBoldItalic.ttf in Resources */,
				E858E1952AD82F0000E37212 /* Poppins-LightItalic.ttf in Resources */,
				E858E1942AD82F0000E37212 /* Poppins-ExtraBold.ttf in Resources */,
				E858E19F2AD82F0000E37212 /* Poppins-ExtraLight.ttf in Resources */,
				E858E19C2AD82F0000E37212 /* Poppins-SemiBold.ttf in Resources */,
				E858E1962AD82F0000E37212 /* Poppins-Black.ttf in Resources */,
				E858E1A12AD82F0000E37212 /* Poppins-MediumItalic.ttf in Resources */,
				E858E1982AD82F0000E37212 /* Poppins-SemiBoldItalic.ttf in Resources */,
				E858E1A42AD82F0000E37212 /* Poppins-Regular.ttf in Resources */,
				E858E1A32AD82F0000E37212 /* Poppins-Medium.ttf in Resources */,
				E858E1A22AD82F0000E37212 /* OFL.txt in Resources */,
				E858E19E2AD82F0000E37212 /* Poppins-Bold.ttf in Resources */,
				E858E1A02AD82F0000E37212 /* Poppins-BoldItalic.ttf in Resources */,
				E858E1922AD82F0000E37212 /* Poppins-Italic.ttf in Resources */,
				E858E19D2AD82F0000E37212 /* Poppins-BlackItalic.ttf in Resources */,
				E8E358CD2AD755CE00EE32E6 /* LaunchScreen.storyboard in Resources */,
				E8E358CA2AD755CE00EE32E6 /* Assets.xcassets in Resources */,
				E858E19B2AD82F0000E37212 /* Poppins-ThinItalic.ttf in Resources */,
				E858E19A2AD82F0000E37212 /* Poppins-Light.ttf in Resources */,
				E858E1992AD82F0000E37212 /* Poppins-Thin.ttf in Resources */,
			);
			runOnlyForDeploymentPostprocessing = 0;
		};
		E8E358D12AD755CE00EE32E6 /* Resources */ = {
			isa = PBXResourcesBuildPhase;
			buildActionMask = 2147483647;
			files = (
			);
			runOnlyForDeploymentPostprocessing = 0;
		};
		E8E358DB2AD755CE00EE32E6 /* Resources */ = {
			isa = PBXResourcesBuildPhase;
			buildActionMask = 2147483647;
			files = (
			);
			runOnlyForDeploymentPostprocessing = 0;
		};
/* End PBXResourcesBuildPhase section */

/* Begin PBXSourcesBuildPhase section */
		E8E358B92AD755CB00EE32E6 /* Sources */ = {
			isa = PBXSourcesBuildPhase;
			buildActionMask = 2147483647;
			files = (
				E858E1732AD7619700E37212 /* Ext + UIView.swift in Sources */,
				E83577B22AE09FD000C37473 /* DeckColorTableViewCell.swift in Sources */,
				E83FFE412ADE8B0F00C9A01A /* NewDeckViewController.swift in Sources */,
				E8E358C52AD755CB00EE32E6 /* SplashScreenViewController.swift in Sources */,
				E8E358C12AD755CB00EE32E6 /* AppDelegate.swift in Sources */,
				E858E17C2AD8244E00E37212 /* UIComponentsHelper.swift in Sources */,
				E8E358C32AD755CB00EE32E6 /* SceneDelegate.swift in Sources */,
				E8444D8F2AD9B644001D2B33 /* WordsBrain.swift in Sources */,
				E8444D9A2ADA05BC001D2B33 /* DecksGroup.swift in Sources */,
				E858E1A72AD83D4400E37212 /* HomePageController.swift in Sources */,
				E82420BE2ADFF45E00B6993D /* NewDeckTableViewCell.swift in Sources */,
				E8444D932AD9DC2A001D2B33 /* WordDecks.swift in Sources */,
				E83577BA2AE150A100C37473 /* DeckImageTableViewCell.swift in Sources */,
				E858E1762AD7622000E37212 /* Ext + UIColor .swift in Sources */,
				E858E1AC2AD83E3E00E37212 /* HomePageView.swift in Sources */,
				E83FFE472ADEB2C900C9A01A /* ImportViewController.swift in Sources */,
				E83FFE442ADE8EC300C9A01A /* NewDeckView.swift in Sources */,
				E858E1782AD7624400E37212 /* SplashScreenView.swift in Sources */,
			);
			runOnlyForDeploymentPostprocessing = 0;
		};
		E8E358CF2AD755CE00EE32E6 /* Sources */ = {
			isa = PBXSourcesBuildPhase;
			buildActionMask = 2147483647;
			files = (
				E8E358D82AD755CE00EE32E6 /* reminderToWordsTests.swift in Sources */,
			);
			runOnlyForDeploymentPostprocessing = 0;
		};
		E8E358D92AD755CE00EE32E6 /* Sources */ = {
			isa = PBXSourcesBuildPhase;
			buildActionMask = 2147483647;
			files = (
				E8E358E22AD755CE00EE32E6 /* reminderToWordsUITests.swift in Sources */,
				E8E358E42AD755CE00EE32E6 /* reminderToWordsUITestsLaunchTests.swift in Sources */,
			);
			runOnlyForDeploymentPostprocessing = 0;
		};
/* End PBXSourcesBuildPhase section */

/* Begin PBXTargetDependency section */
		E8E358D52AD755CE00EE32E6 /* PBXTargetDependency */ = {
			isa = PBXTargetDependency;
			target = E8E358BC2AD755CB00EE32E6 /* reminderToWords */;
			targetProxy = E8E358D42AD755CE00EE32E6 /* PBXContainerItemProxy */;
		};
		E8E358DF2AD755CE00EE32E6 /* PBXTargetDependency */ = {
			isa = PBXTargetDependency;
			target = E8E358BC2AD755CB00EE32E6 /* reminderToWords */;
			targetProxy = E8E358DE2AD755CE00EE32E6 /* PBXContainerItemProxy */;
		};
/* End PBXTargetDependency section */

/* Begin PBXVariantGroup section */
		E8E358CB2AD755CE00EE32E6 /* LaunchScreen.storyboard */ = {
			isa = PBXVariantGroup;
			children = (
				E8E358CC2AD755CE00EE32E6 /* Base */,
			);
			name = LaunchScreen.storyboard;
			sourceTree = "<group>";
		};
/* End PBXVariantGroup section */

/* Begin XCBuildConfiguration section */
		E8E358E52AD755CE00EE32E6 /* Debug */ = {
			isa = XCBuildConfiguration;
			buildSettings = {
				ALWAYS_SEARCH_USER_PATHS = NO;
				ASSETCATALOG_COMPILER_GENERATE_SWIFT_ASSET_SYMBOL_EXTENSIONS = YES;
				CLANG_ANALYZER_NONNULL = YES;
				CLANG_ANALYZER_NUMBER_OBJECT_CONVERSION = YES_AGGRESSIVE;
				CLANG_CXX_LANGUAGE_STANDARD = "gnu++20";
				CLANG_ENABLE_MODULES = YES;
				CLANG_ENABLE_OBJC_ARC = YES;
				CLANG_ENABLE_OBJC_WEAK = YES;
				CLANG_WARN_BLOCK_CAPTURE_AUTORELEASING = YES;
				CLANG_WARN_BOOL_CONVERSION = YES;
				CLANG_WARN_COMMA = YES;
				CLANG_WARN_CONSTANT_CONVERSION = YES;
				CLANG_WARN_DEPRECATED_OBJC_IMPLEMENTATIONS = YES;
				CLANG_WARN_DIRECT_OBJC_ISA_USAGE = YES_ERROR;
				CLANG_WARN_DOCUMENTATION_COMMENTS = YES;
				CLANG_WARN_EMPTY_BODY = YES;
				CLANG_WARN_ENUM_CONVERSION = YES;
				CLANG_WARN_INFINITE_RECURSION = YES;
				CLANG_WARN_INT_CONVERSION = YES;
				CLANG_WARN_NON_LITERAL_NULL_CONVERSION = YES;
				CLANG_WARN_OBJC_IMPLICIT_RETAIN_SELF = YES;
				CLANG_WARN_OBJC_LITERAL_CONVERSION = YES;
				CLANG_WARN_OBJC_ROOT_CLASS = YES_ERROR;
				CLANG_WARN_QUOTED_INCLUDE_IN_FRAMEWORK_HEADER = YES;
				CLANG_WARN_RANGE_LOOP_ANALYSIS = YES;
				CLANG_WARN_STRICT_PROTOTYPES = YES;
				CLANG_WARN_SUSPICIOUS_MOVE = YES;
				CLANG_WARN_UNGUARDED_AVAILABILITY = YES_AGGRESSIVE;
				CLANG_WARN_UNREACHABLE_CODE = YES;
				CLANG_WARN__DUPLICATE_METHOD_MATCH = YES;
				COPY_PHASE_STRIP = NO;
				DEBUG_INFORMATION_FORMAT = dwarf;
				ENABLE_STRICT_OBJC_MSGSEND = YES;
				ENABLE_TESTABILITY = YES;
				ENABLE_USER_SCRIPT_SANDBOXING = YES;
				GCC_C_LANGUAGE_STANDARD = gnu17;
				GCC_DYNAMIC_NO_PIC = NO;
				GCC_NO_COMMON_BLOCKS = YES;
				GCC_OPTIMIZATION_LEVEL = 0;
				GCC_PREPROCESSOR_DEFINITIONS = (
					"DEBUG=1",
					"$(inherited)",
				);
				GCC_WARN_64_TO_32_BIT_CONVERSION = YES;
				GCC_WARN_ABOUT_RETURN_TYPE = YES_ERROR;
				GCC_WARN_UNDECLARED_SELECTOR = YES;
				GCC_WARN_UNINITIALIZED_AUTOS = YES_AGGRESSIVE;
				GCC_WARN_UNUSED_FUNCTION = YES;
				GCC_WARN_UNUSED_VARIABLE = YES;
				IPHONEOS_DEPLOYMENT_TARGET = 17.0;
				LOCALIZATION_PREFERS_STRING_CATALOGS = YES;
				MTL_ENABLE_DEBUG_INFO = INCLUDE_SOURCE;
				MTL_FAST_MATH = YES;
				ONLY_ACTIVE_ARCH = YES;
				SDKROOT = iphoneos;
				SWIFT_ACTIVE_COMPILATION_CONDITIONS = "DEBUG $(inherited)";
				SWIFT_OPTIMIZATION_LEVEL = "-Onone";
			};
			name = Debug;
		};
		E8E358E62AD755CE00EE32E6 /* Release */ = {
			isa = XCBuildConfiguration;
			buildSettings = {
				ALWAYS_SEARCH_USER_PATHS = NO;
				ASSETCATALOG_COMPILER_GENERATE_SWIFT_ASSET_SYMBOL_EXTENSIONS = YES;
				CLANG_ANALYZER_NONNULL = YES;
				CLANG_ANALYZER_NUMBER_OBJECT_CONVERSION = YES_AGGRESSIVE;
				CLANG_CXX_LANGUAGE_STANDARD = "gnu++20";
				CLANG_ENABLE_MODULES = YES;
				CLANG_ENABLE_OBJC_ARC = YES;
				CLANG_ENABLE_OBJC_WEAK = YES;
				CLANG_WARN_BLOCK_CAPTURE_AUTORELEASING = YES;
				CLANG_WARN_BOOL_CONVERSION = YES;
				CLANG_WARN_COMMA = YES;
				CLANG_WARN_CONSTANT_CONVERSION = YES;
				CLANG_WARN_DEPRECATED_OBJC_IMPLEMENTATIONS = YES;
				CLANG_WARN_DIRECT_OBJC_ISA_USAGE = YES_ERROR;
				CLANG_WARN_DOCUMENTATION_COMMENTS = YES;
				CLANG_WARN_EMPTY_BODY = YES;
				CLANG_WARN_ENUM_CONVERSION = YES;
				CLANG_WARN_INFINITE_RECURSION = YES;
				CLANG_WARN_INT_CONVERSION = YES;
				CLANG_WARN_NON_LITERAL_NULL_CONVERSION = YES;
				CLANG_WARN_OBJC_IMPLICIT_RETAIN_SELF = YES;
				CLANG_WARN_OBJC_LITERAL_CONVERSION = YES;
				CLANG_WARN_OBJC_ROOT_CLASS = YES_ERROR;
				CLANG_WARN_QUOTED_INCLUDE_IN_FRAMEWORK_HEADER = YES;
				CLANG_WARN_RANGE_LOOP_ANALYSIS = YES;
				CLANG_WARN_STRICT_PROTOTYPES = YES;
				CLANG_WARN_SUSPICIOUS_MOVE = YES;
				CLANG_WARN_UNGUARDED_AVAILABILITY = YES_AGGRESSIVE;
				CLANG_WARN_UNREACHABLE_CODE = YES;
				CLANG_WARN__DUPLICATE_METHOD_MATCH = YES;
				COPY_PHASE_STRIP = NO;
				DEBUG_INFORMATION_FORMAT = "dwarf-with-dsym";
				ENABLE_NS_ASSERTIONS = NO;
				ENABLE_STRICT_OBJC_MSGSEND = YES;
				ENABLE_USER_SCRIPT_SANDBOXING = YES;
				GCC_C_LANGUAGE_STANDARD = gnu17;
				GCC_NO_COMMON_BLOCKS = YES;
				GCC_WARN_64_TO_32_BIT_CONVERSION = YES;
				GCC_WARN_ABOUT_RETURN_TYPE = YES_ERROR;
				GCC_WARN_UNDECLARED_SELECTOR = YES;
				GCC_WARN_UNINITIALIZED_AUTOS = YES_AGGRESSIVE;
				GCC_WARN_UNUSED_FUNCTION = YES;
				GCC_WARN_UNUSED_VARIABLE = YES;
				IPHONEOS_DEPLOYMENT_TARGET = 17.0;
				LOCALIZATION_PREFERS_STRING_CATALOGS = YES;
				MTL_ENABLE_DEBUG_INFO = NO;
				MTL_FAST_MATH = YES;
				SDKROOT = iphoneos;
				SWIFT_COMPILATION_MODE = wholemodule;
				VALIDATE_PRODUCT = YES;
			};
			name = Release;
		};
		E8E358E82AD755CE00EE32E6 /* Debug */ = {
			isa = XCBuildConfiguration;
			buildSettings = {
				ASSETCATALOG_COMPILER_APPICON_NAME = AppIcon;
				ASSETCATALOG_COMPILER_GLOBAL_ACCENT_COLOR_NAME = AccentColor;
				CODE_SIGN_STYLE = Automatic;
				CURRENT_PROJECT_VERSION = 1;
				DEVELOPMENT_TEAM = 7T569GVN5Q;
				GENERATE_INFOPLIST_FILE = YES;
				INFOPLIST_FILE = reminderToWords/Info.plist;
				INFOPLIST_KEY_LSApplicationCategoryType = "";
				INFOPLIST_KEY_NSPhotoLibraryUsageDescription = "Please allow access.";
				INFOPLIST_KEY_UIApplicationSupportsIndirectInputEvents = YES;
				INFOPLIST_KEY_UILaunchStoryboardName = LaunchScreen;
				INFOPLIST_KEY_UISupportedInterfaceOrientations_iPad = "UIInterfaceOrientationPortrait UIInterfaceOrientationPortraitUpsideDown UIInterfaceOrientationLandscapeLeft UIInterfaceOrientationLandscapeRight";
				INFOPLIST_KEY_UISupportedInterfaceOrientations_iPhone = "UIInterfaceOrientationPortrait UIInterfaceOrientationLandscapeLeft UIInterfaceOrientationLandscapeRight";
				IPHONEOS_DEPLOYMENT_TARGET = 13.0;
				LD_RUNPATH_SEARCH_PATHS = (
					"$(inherited)",
					"@executable_path/Frameworks",
				);
				MARKETING_VERSION = 1.0;
				PRODUCT_BUNDLE_IDENTIFIER = com.twinflare.reminderToWords;
				PRODUCT_NAME = "$(TARGET_NAME)";
				SUPPORTED_PLATFORMS = "iphoneos iphonesimulator";
				SUPPORTS_MACCATALYST = NO;
				SUPPORTS_MAC_DESIGNED_FOR_IPHONE_IPAD = YES;
				SWIFT_EMIT_LOC_STRINGS = YES;
				SWIFT_VERSION = 5.0;
				TARGETED_DEVICE_FAMILY = "1,2";
			};
			name = Debug;
		};
		E8E358E92AD755CE00EE32E6 /* Release */ = {
			isa = XCBuildConfiguration;
			buildSettings = {
				ASSETCATALOG_COMPILER_APPICON_NAME = AppIcon;
				ASSETCATALOG_COMPILER_GLOBAL_ACCENT_COLOR_NAME = AccentColor;
				CODE_SIGN_STYLE = Automatic;
				CURRENT_PROJECT_VERSION = 1;
				DEVELOPMENT_TEAM = 7T569GVN5Q;
				GENERATE_INFOPLIST_FILE = YES;
				INFOPLIST_FILE = reminderToWords/Info.plist;
				INFOPLIST_KEY_LSApplicationCategoryType = "";
				INFOPLIST_KEY_NSPhotoLibraryUsageDescription = "Please allow access.";
				INFOPLIST_KEY_UIApplicationSupportsIndirectInputEvents = YES;
				INFOPLIST_KEY_UILaunchStoryboardName = LaunchScreen;
				INFOPLIST_KEY_UISupportedInterfaceOrientations_iPad = "UIInterfaceOrientationPortrait UIInterfaceOrientationPortraitUpsideDown UIInterfaceOrientationLandscapeLeft UIInterfaceOrientationLandscapeRight";
				INFOPLIST_KEY_UISupportedInterfaceOrientations_iPhone = "UIInterfaceOrientationPortrait UIInterfaceOrientationLandscapeLeft UIInterfaceOrientationLandscapeRight";
				IPHONEOS_DEPLOYMENT_TARGET = 13.0;
				LD_RUNPATH_SEARCH_PATHS = (
					"$(inherited)",
					"@executable_path/Frameworks",
				);
				MARKETING_VERSION = 1.0;
				PRODUCT_BUNDLE_IDENTIFIER = com.twinflare.reminderToWords;
				PRODUCT_NAME = "$(TARGET_NAME)";
				SUPPORTED_PLATFORMS = "iphoneos iphonesimulator";
				SUPPORTS_MACCATALYST = NO;
				SUPPORTS_MAC_DESIGNED_FOR_IPHONE_IPAD = YES;
				SWIFT_EMIT_LOC_STRINGS = YES;
				SWIFT_VERSION = 5.0;
				TARGETED_DEVICE_FAMILY = "1,2";
			};
			name = Release;
		};
		E8E358EB2AD755CE00EE32E6 /* Debug */ = {
			isa = XCBuildConfiguration;
			buildSettings = {
				ALWAYS_EMBED_SWIFT_STANDARD_LIBRARIES = YES;
				BUNDLE_LOADER = "$(TEST_HOST)";
				CODE_SIGN_STYLE = Automatic;
				CURRENT_PROJECT_VERSION = 1;
				GENERATE_INFOPLIST_FILE = YES;
				IPHONEOS_DEPLOYMENT_TARGET = 17.0;
				MARKETING_VERSION = 1.0;
				PRODUCT_BUNDLE_IDENTIFIER = com.twinflare.reminderToWordsTests;
				PRODUCT_NAME = "$(TARGET_NAME)";
				SWIFT_EMIT_LOC_STRINGS = NO;
				SWIFT_VERSION = 5.0;
				TARGETED_DEVICE_FAMILY = "1,2";
				TEST_HOST = "$(BUILT_PRODUCTS_DIR)/reminderToWords.app/$(BUNDLE_EXECUTABLE_FOLDER_PATH)/reminderToWords";
			};
			name = Debug;
		};
		E8E358EC2AD755CE00EE32E6 /* Release */ = {
			isa = XCBuildConfiguration;
			buildSettings = {
				ALWAYS_EMBED_SWIFT_STANDARD_LIBRARIES = YES;
				BUNDLE_LOADER = "$(TEST_HOST)";
				CODE_SIGN_STYLE = Automatic;
				CURRENT_PROJECT_VERSION = 1;
				GENERATE_INFOPLIST_FILE = YES;
				IPHONEOS_DEPLOYMENT_TARGET = 17.0;
				MARKETING_VERSION = 1.0;
				PRODUCT_BUNDLE_IDENTIFIER = com.twinflare.reminderToWordsTests;
				PRODUCT_NAME = "$(TARGET_NAME)";
				SWIFT_EMIT_LOC_STRINGS = NO;
				SWIFT_VERSION = 5.0;
				TARGETED_DEVICE_FAMILY = "1,2";
				TEST_HOST = "$(BUILT_PRODUCTS_DIR)/reminderToWords.app/$(BUNDLE_EXECUTABLE_FOLDER_PATH)/reminderToWords";
			};
			name = Release;
		};
		E8E358EE2AD755CE00EE32E6 /* Debug */ = {
			isa = XCBuildConfiguration;
			buildSettings = {
				ALWAYS_EMBED_SWIFT_STANDARD_LIBRARIES = YES;
				CODE_SIGN_STYLE = Automatic;
				CURRENT_PROJECT_VERSION = 1;
				GENERATE_INFOPLIST_FILE = YES;
				MARKETING_VERSION = 1.0;
				PRODUCT_BUNDLE_IDENTIFIER = com.twinflare.reminderToWordsUITests;
				PRODUCT_NAME = "$(TARGET_NAME)";
				SWIFT_EMIT_LOC_STRINGS = NO;
				SWIFT_VERSION = 5.0;
				TARGETED_DEVICE_FAMILY = "1,2";
				TEST_TARGET_NAME = reminderToWords;
			};
			name = Debug;
		};
		E8E358EF2AD755CE00EE32E6 /* Release */ = {
			isa = XCBuildConfiguration;
			buildSettings = {
				ALWAYS_EMBED_SWIFT_STANDARD_LIBRARIES = YES;
				CODE_SIGN_STYLE = Automatic;
				CURRENT_PROJECT_VERSION = 1;
				GENERATE_INFOPLIST_FILE = YES;
				MARKETING_VERSION = 1.0;
				PRODUCT_BUNDLE_IDENTIFIER = com.twinflare.reminderToWordsUITests;
				PRODUCT_NAME = "$(TARGET_NAME)";
				SWIFT_EMIT_LOC_STRINGS = NO;
				SWIFT_VERSION = 5.0;
				TARGETED_DEVICE_FAMILY = "1,2";
				TEST_TARGET_NAME = reminderToWords;
			};
			name = Release;
		};
/* End XCBuildConfiguration section */

/* Begin XCConfigurationList section */
		E8E358B82AD755CB00EE32E6 /* Build configuration list for PBXProject "reminderToWords" */ = {
			isa = XCConfigurationList;
			buildConfigurations = (
				E8E358E52AD755CE00EE32E6 /* Debug */,
				E8E358E62AD755CE00EE32E6 /* Release */,
			);
			defaultConfigurationIsVisible = 0;
			defaultConfigurationName = Release;
		};
		E8E358E72AD755CE00EE32E6 /* Build configuration list for PBXNativeTarget "reminderToWords" */ = {
			isa = XCConfigurationList;
			buildConfigurations = (
				E8E358E82AD755CE00EE32E6 /* Debug */,
				E8E358E92AD755CE00EE32E6 /* Release */,
			);
			defaultConfigurationIsVisible = 0;
			defaultConfigurationName = Release;
		};
		E8E358EA2AD755CE00EE32E6 /* Build configuration list for PBXNativeTarget "reminderToWordsTests" */ = {
			isa = XCConfigurationList;
			buildConfigurations = (
				E8E358EB2AD755CE00EE32E6 /* Debug */,
				E8E358EC2AD755CE00EE32E6 /* Release */,
			);
			defaultConfigurationIsVisible = 0;
			defaultConfigurationName = Release;
		};
		E8E358ED2AD755CE00EE32E6 /* Build configuration list for PBXNativeTarget "reminderToWordsUITests" */ = {
			isa = XCConfigurationList;
			buildConfigurations = (
				E8E358EE2AD755CE00EE32E6 /* Debug */,
				E8E358EF2AD755CE00EE32E6 /* Release */,
			);
			defaultConfigurationIsVisible = 0;
			defaultConfigurationName = Release;
		};
/* End XCConfigurationList section */
	};
	rootObject = E8E358B52AD755CB00EE32E6 /* Project object */;
}
