// !$*UTF8*$!
{
	archiveVersion = 1;
	classes = {
	};
	objectVersion = 56;
	objects = {

/* Begin PBXBuildFile section */
		E80A633E2B054C44007BF642 /* DataModel.swift in Sources */ = {isa = PBXBuildFile; fileRef = E80A633D2B054C44007BF642 /* DataModel.swift */; };
		E8211ADE2B2CE6A400B73397 /* PasswordController.swift in Sources */ = {isa = PBXBuildFile; fileRef = E8211ADD2B2CE6A400B73397 /* PasswordController.swift */; };
		E82420BE2ADFF45E00B6993D /* NewDeckTableViewCell.swift in Sources */ = {isa = PBXBuildFile; fileRef = E82420BD2ADFF45E00B6993D /* NewDeckTableViewCell.swift */; };
		E83328132B2CE703006302E6 /* PasswordView.swift in Sources */ = {isa = PBXBuildFile; fileRef = E83328122B2CE703006302E6 /* PasswordView.swift */; };
		E83577B22AE09FD000C37473 /* DeckColorTableViewCell.swift in Sources */ = {isa = PBXBuildFile; fileRef = E83577B12AE09FD000C37473 /* DeckColorTableViewCell.swift */; };
		E83577BA2AE150A100C37473 /* DeckImageTableViewCell.swift in Sources */ = {isa = PBXBuildFile; fileRef = E83577B92AE150A100C37473 /* DeckImageTableViewCell.swift */; };
		E83FFE412ADE8B0F00C9A01A /* NewDeckViewController.swift in Sources */ = {isa = PBXBuildFile; fileRef = E83FFE402ADE8B0F00C9A01A /* NewDeckViewController.swift */; };
		E83FFE442ADE8EC300C9A01A /* NewDeckView.swift in Sources */ = {isa = PBXBuildFile; fileRef = E83FFE432ADE8EC300C9A01A /* NewDeckView.swift */; };
		E848090B2AE9AA93008FF04A /* DeckCellCollectionViewCell.swift in Sources */ = {isa = PBXBuildFile; fileRef = E848090A2AE9AA93008FF04A /* DeckCellCollectionViewCell.swift */; };
		E84E4FF92B29181A00EA2266 /* Ext + HomePageCollectionView.swift in Sources */ = {isa = PBXBuildFile; fileRef = E84E4FF82B29181A00EA2266 /* Ext + HomePageCollectionView.swift */; };
		E84E4FFC2B29193500EA2266 /* TabBarController.swift in Sources */ = {isa = PBXBuildFile; fileRef = E84E4FFB2B29193500EA2266 /* TabBarController.swift */; };
		E8552E552B0FB81400BCDE3E /* CardNameModel.swift in Sources */ = {isa = PBXBuildFile; fileRef = E8552E542B0FB81400BCDE3E /* CardNameModel.swift */; };
		E858E1732AD7619700E37212 /* Ext + UIView.swift in Sources */ = {isa = PBXBuildFile; fileRef = E858E1722AD7619700E37212 /* Ext + UIView.swift */; };
		E858E1762AD7622000E37212 /* Ext + UIColor .swift in Sources */ = {isa = PBXBuildFile; fileRef = E858E1752AD7622000E37212 /* Ext + UIColor .swift */; };
		E858E1782AD7624400E37212 /* SplashScreenView.swift in Sources */ = {isa = PBXBuildFile; fileRef = E858E1772AD7624400E37212 /* SplashScreenView.swift */; };
		E858E17C2AD8244E00E37212 /* UIComponentsHelper.swift in Sources */ = {isa = PBXBuildFile; fileRef = E858E17B2AD8244E00E37212 /* UIComponentsHelper.swift */; };
		E858E1922AD82F0000E37212 /* Poppins-Italic.ttf in Resources */ = {isa = PBXBuildFile; fileRef = E858E17F2AD82EFF00E37212 /* Poppins-Italic.ttf */; };
		E858E1932AD82F0000E37212 /* Poppins-ExtraBoldItalic.ttf in Resources */ = {isa = PBXBuildFile; fileRef = E858E1802AD82EFF00E37212 /* Poppins-ExtraBoldItalic.ttf */; };
		E858E1942AD82F0000E37212 /* Poppins-ExtraBold.ttf in Resources */ = {isa = PBXBuildFile; fileRef = E858E1812AD82EFF00E37212 /* Poppins-ExtraBold.ttf */; };
		E858E1952AD82F0000E37212 /* Poppins-LightItalic.ttf in Resources */ = {isa = PBXBuildFile; fileRef = E858E1822AD82EFF00E37212 /* Poppins-LightItalic.ttf */; };
		E858E1962AD82F0000E37212 /* Poppins-Black.ttf in Resources */ = {isa = PBXBuildFile; fileRef = E858E1832AD82EFF00E37212 /* Poppins-Black.ttf */; };
		E858E1972AD82F0000E37212 /* Poppins-ExtraLightItalic.ttf in Resources */ = {isa = PBXBuildFile; fileRef = E858E1842AD82EFF00E37212 /* Poppins-ExtraLightItalic.ttf */; };
		E858E1982AD82F0000E37212 /* Poppins-SemiBoldItalic.ttf in Resources */ = {isa = PBXBuildFile; fileRef = E858E1852AD82EFF00E37212 /* Poppins-SemiBoldItalic.ttf */; };
		E858E1992AD82F0000E37212 /* Poppins-Thin.ttf in Resources */ = {isa = PBXBuildFile; fileRef = E858E1862AD82EFF00E37212 /* Poppins-Thin.ttf */; };
		E858E19A2AD82F0000E37212 /* Poppins-Light.ttf in Resources */ = {isa = PBXBuildFile; fileRef = E858E1872AD82EFF00E37212 /* Poppins-Light.ttf */; };
		E858E19B2AD82F0000E37212 /* Poppins-ThinItalic.ttf in Resources */ = {isa = PBXBuildFile; fileRef = E858E1882AD82EFF00E37212 /* Poppins-ThinItalic.ttf */; };
		E858E19C2AD82F0000E37212 /* Poppins-SemiBold.ttf in Resources */ = {isa = PBXBuildFile; fileRef = E858E1892AD82EFF00E37212 /* Poppins-SemiBold.ttf */; };
		E858E19D2AD82F0000E37212 /* Poppins-BlackItalic.ttf in Resources */ = {isa = PBXBuildFile; fileRef = E858E18A2AD82EFF00E37212 /* Poppins-BlackItalic.ttf */; };
		E858E19E2AD82F0000E37212 /* Poppins-Bold.ttf in Resources */ = {isa = PBXBuildFile; fileRef = E858E18B2AD82EFF00E37212 /* Poppins-Bold.ttf */; };
		E858E19F2AD82F0000E37212 /* Poppins-ExtraLight.ttf in Resources */ = {isa = PBXBuildFile; fileRef = E858E18C2AD82EFF00E37212 /* Poppins-ExtraLight.ttf */; };
		E858E1A02AD82F0000E37212 /* Poppins-BoldItalic.ttf in Resources */ = {isa = PBXBuildFile; fileRef = E858E18D2AD82EFF00E37212 /* Poppins-BoldItalic.ttf */; };
		E858E1A12AD82F0000E37212 /* Poppins-MediumItalic.ttf in Resources */ = {isa = PBXBuildFile; fileRef = E858E18E2AD82EFF00E37212 /* Poppins-MediumItalic.ttf */; };
		E858E1A22AD82F0000E37212 /* OFL.txt in Resources */ = {isa = PBXBuildFile; fileRef = E858E18F2AD82F0000E37212 /* OFL.txt */; };
		E858E1A32AD82F0000E37212 /* Poppins-Medium.ttf in Resources */ = {isa = PBXBuildFile; fileRef = E858E1902AD82F0000E37212 /* Poppins-Medium.ttf */; };
		E858E1A42AD82F0000E37212 /* Poppins-Regular.ttf in Resources */ = {isa = PBXBuildFile; fileRef = E858E1912AD82F0000E37212 /* Poppins-Regular.ttf */; };
		E858E1A72AD83D4400E37212 /* HomePageCollectionViewController.swift in Sources */ = {isa = PBXBuildFile; fileRef = E858E1A62AD83D4400E37212 /* HomePageCollectionViewController.swift */; };
		E858E1AC2AD83E3E00E37212 /* HomePageView.swift in Sources */ = {isa = PBXBuildFile; fileRef = E858E1AB2AD83E3E00E37212 /* HomePageView.swift */; };
		E8690FAE2B2A5FBE004EAA12 /* ProfileViewController.swift in Sources */ = {isa = PBXBuildFile; fileRef = E8690FAD2B2A5FBE004EAA12 /* ProfileViewController.swift */; };
		E8690FC52B2A8346004EAA12 /* Gilroy-SemiBold.ttf in Resources */ = {isa = PBXBuildFile; fileRef = E8690FB12B2A8345004EAA12 /* Gilroy-SemiBold.ttf */; };
		E8690FC62B2A8346004EAA12 /* Gilroy-Bold.ttf in Resources */ = {isa = PBXBuildFile; fileRef = E8690FB22B2A8345004EAA12 /* Gilroy-Bold.ttf */; };
		E8690FC72B2A8346004EAA12 /* Gilroy-BlackItalic.ttf in Resources */ = {isa = PBXBuildFile; fileRef = E8690FB32B2A8345004EAA12 /* Gilroy-BlackItalic.ttf */; };
		E8690FC82B2A8346004EAA12 /* Gilroy-ExtraBoldItalic.ttf in Resources */ = {isa = PBXBuildFile; fileRef = E8690FB42B2A8345004EAA12 /* Gilroy-ExtraBoldItalic.ttf */; };
		E8690FC92B2A8346004EAA12 /* Gilroy-RegularItalic.ttf in Resources */ = {isa = PBXBuildFile; fileRef = E8690FB52B2A8345004EAA12 /* Gilroy-RegularItalic.ttf */; };
		E8690FCA2B2A8346004EAA12 /* Gilroy-UltraLight.ttf in Resources */ = {isa = PBXBuildFile; fileRef = E8690FB62B2A8345004EAA12 /* Gilroy-UltraLight.ttf */; };
		E8690FCB2B2A8346004EAA12 /* Gilroy-Black.ttf in Resources */ = {isa = PBXBuildFile; fileRef = E8690FB72B2A8345004EAA12 /* Gilroy-Black.ttf */; };
		E8690FCC2B2A8346004EAA12 /* Gilroy-Medium.ttf in Resources */ = {isa = PBXBuildFile; fileRef = E8690FB82B2A8345004EAA12 /* Gilroy-Medium.ttf */; };
		E8690FCD2B2A8346004EAA12 /* Gilroy-BoldItalic.ttf in Resources */ = {isa = PBXBuildFile; fileRef = E8690FB92B2A8345004EAA12 /* Gilroy-BoldItalic.ttf */; };
		E8690FCE2B2A8346004EAA12 /* Gilroy-MediumItalic.ttf in Resources */ = {isa = PBXBuildFile; fileRef = E8690FBA2B2A8345004EAA12 /* Gilroy-MediumItalic.ttf */; };
		E8690FCF2B2A8346004EAA12 /* Gilroy-LightItalic.ttf in Resources */ = {isa = PBXBuildFile; fileRef = E8690FBB2B2A8345004EAA12 /* Gilroy-LightItalic.ttf */; };
		E8690FD02B2A8346004EAA12 /* Gilroy-Heavy.ttf in Resources */ = {isa = PBXBuildFile; fileRef = E8690FBC2B2A8345004EAA12 /* Gilroy-Heavy.ttf */; };
		E8690FD12B2A8346004EAA12 /* Gilroy-SemiBoldItalic.ttf in Resources */ = {isa = PBXBuildFile; fileRef = E8690FBD2B2A8345004EAA12 /* Gilroy-SemiBoldItalic.ttf */; };
		E8690FD22B2A8346004EAA12 /* Gilroy-Thin.ttf in Resources */ = {isa = PBXBuildFile; fileRef = E8690FBE2B2A8345004EAA12 /* Gilroy-Thin.ttf */; };
		E8690FD32B2A8346004EAA12 /* Gilroy-Light.ttf in Resources */ = {isa = PBXBuildFile; fileRef = E8690FBF2B2A8345004EAA12 /* Gilroy-Light.ttf */; };
		E8690FD42B2A8346004EAA12 /* Gilroy-HeavyItalic.ttf in Resources */ = {isa = PBXBuildFile; fileRef = E8690FC02B2A8345004EAA12 /* Gilroy-HeavyItalic.ttf */; };
		E8690FD52B2A8346004EAA12 /* Gilroy-Regular.ttf in Resources */ = {isa = PBXBuildFile; fileRef = E8690FC12B2A8345004EAA12 /* Gilroy-Regular.ttf */; };
		E8690FD62B2A8346004EAA12 /* Gilroy-ThinItalic.ttf in Resources */ = {isa = PBXBuildFile; fileRef = E8690FC22B2A8346004EAA12 /* Gilroy-ThinItalic.ttf */; };
		E8690FD72B2A8346004EAA12 /* Gilroy-UltraLightItalic.ttf in Resources */ = {isa = PBXBuildFile; fileRef = E8690FC32B2A8346004EAA12 /* Gilroy-UltraLightItalic.ttf */; };
		E8690FD82B2A8346004EAA12 /* Gilroy-ExtraBold.ttf in Resources */ = {isa = PBXBuildFile; fileRef = E8690FC42B2A8346004EAA12 /* Gilroy-ExtraBold.ttf */; };
		E8690FDB2B2B2BF9004EAA12 /* ProfileView.swift in Sources */ = {isa = PBXBuildFile; fileRef = E8690FDA2B2B2BF9004EAA12 /* ProfileView.swift */; };
		E8697CDB2AFAB9A40077A8BD /* AuthService.swift in Sources */ = {isa = PBXBuildFile; fileRef = E8697CDA2AFAB9A40077A8BD /* AuthService.swift */; };
		E8697CDD2AFABB860077A8BD /* RegisterUserRequest.swift in Sources */ = {isa = PBXBuildFile; fileRef = E8697CDC2AFABB860077A8BD /* RegisterUserRequest.swift */; };
		E8698B152AEB2A8900CC7144 /* DetailViewController.swift in Sources */ = {isa = PBXBuildFile; fileRef = E8698B142AEB2A8900CC7144 /* DetailViewController.swift */; };
		E8698B1A2AEBFDB900CC7144 /* DetailTableViewCell.swift in Sources */ = {isa = PBXBuildFile; fileRef = E8698B192AEBFDB900CC7144 /* DetailTableViewCell.swift */; };
		E87E559E2AF2D840006F2612 /* CardViewController.swift in Sources */ = {isa = PBXBuildFile; fileRef = E87E559D2AF2D840006F2612 /* CardViewController.swift */; };
		E87E55A02AF2DB46006F2612 /* CardView.swift in Sources */ = {isa = PBXBuildFile; fileRef = E87E559F2AF2DB46006F2612 /* CardView.swift */; };
		E882A4B42B287AF6006B795C /* Ext + CardViewController.swift in Sources */ = {isa = PBXBuildFile; fileRef = E882A4B32B287AF6006B795C /* Ext + CardViewController.swift */; };
		E88B60602AE7FBC70005649A /* UIOnboarding in Frameworks */ = {isa = PBXBuildFile; productRef = E88B605F2AE7FBC70005649A /* UIOnboarding */; };
		E88B60632AE7FC020005649A /* OnboardingViewController.swift in Sources */ = {isa = PBXBuildFile; fileRef = E88B60622AE7FC020005649A /* OnboardingViewController.swift */; };
		E88B60652AE7FEA70005649A /* UIOnboardingHelper.swift in Sources */ = {isa = PBXBuildFile; fileRef = E88B60642AE7FEA70005649A /* UIOnboardingHelper.swift */; };
		E88F541C2B2E486200903336 /* SwipeCellKit in Frameworks */ = {isa = PBXBuildFile; productRef = E88F541B2B2E486200903336 /* SwipeCellKit */; };
		E89413612B2F10B800A44B76 /* FirebaseMessaging in Frameworks */ = {isa = PBXBuildFile; productRef = E89413602B2F10B800A44B76 /* FirebaseMessaging */; };
		E89E69A12B325B8E00E4725E /* RecycleBinController.swift in Sources */ = {isa = PBXBuildFile; fileRef = E89E69A02B325B8E00E4725E /* RecycleBinController.swift */; };
		E89E69A32B32623200E4725E /* RecycleBinCollectionCell.swift in Sources */ = {isa = PBXBuildFile; fileRef = E89E69A22B32623200E4725E /* RecycleBinCollectionCell.swift */; };
		E89E69A52B33545E00E4725E /* NotificationProvider.swift in Sources */ = {isa = PBXBuildFile; fileRef = E89E69A42B33545E00E4725E /* NotificationProvider.swift */; };
		E8B5DC172AFA334000047D1D /* LoginUserRequest.swift in Sources */ = {isa = PBXBuildFile; fileRef = E8B5DC162AFA334000047D1D /* LoginUserRequest.swift */; };
		E8BD25B62AFBD7A7009E6597 /* GoogleService-Info.plist in Resources */ = {isa = PBXBuildFile; fileRef = E8BD25B52AFBD7A7009E6597 /* GoogleService-Info.plist */; };
		E8BD25B92AFBD926009E6597 /* FirebaseAnalytics in Frameworks */ = {isa = PBXBuildFile; productRef = E8BD25B82AFBD926009E6597 /* FirebaseAnalytics */; };
		E8BD25BB2AFBD926009E6597 /* FirebaseAnalyticsSwift in Frameworks */ = {isa = PBXBuildFile; productRef = E8BD25BA2AFBD926009E6597 /* FirebaseAnalyticsSwift */; };
		E8BD25BD2AFBD926009E6597 /* FirebaseAnalyticsWithoutAdIdSupport in Frameworks */ = {isa = PBXBuildFile; productRef = E8BD25BC2AFBD926009E6597 /* FirebaseAnalyticsWithoutAdIdSupport */; };
		E8BD25BF2AFBD926009E6597 /* FirebaseAuth in Frameworks */ = {isa = PBXBuildFile; productRef = E8BD25BE2AFBD926009E6597 /* FirebaseAuth */; };
		E8BD25C12AFBD926009E6597 /* FirebaseDatabase in Frameworks */ = {isa = PBXBuildFile; productRef = E8BD25C02AFBD926009E6597 /* FirebaseDatabase */; };
		E8BD25C32AFBD926009E6597 /* FirebaseDatabaseSwift in Frameworks */ = {isa = PBXBuildFile; productRef = E8BD25C22AFBD926009E6597 /* FirebaseDatabaseSwift */; };
		E8BD25C52AFBD926009E6597 /* FirebaseFirestore in Frameworks */ = {isa = PBXBuildFile; productRef = E8BD25C42AFBD926009E6597 /* FirebaseFirestore */; };
		E8BD25C72AFBD926009E6597 /* FirebaseFirestoreSwift in Frameworks */ = {isa = PBXBuildFile; productRef = E8BD25C62AFBD926009E6597 /* FirebaseFirestoreSwift */; };
		E8BD25C92AFBD926009E6597 /* FirebaseStorage in Frameworks */ = {isa = PBXBuildFile; productRef = E8BD25C82AFBD926009E6597 /* FirebaseStorage */; };
		E8BD25CB2AFC3586009E6597 /* Validator.swift in Sources */ = {isa = PBXBuildFile; fileRef = E8BD25CA2AFC3586009E6597 /* Validator.swift */; };
		E8BD25CD2AFC9437009E6597 /* AlertManager.swift in Sources */ = {isa = PBXBuildFile; fileRef = E8BD25CC2AFC9437009E6597 /* AlertManager.swift */; };
		E8BD25CF2AFCA012009E6597 /* ForgotPasswordViewController.swift in Sources */ = {isa = PBXBuildFile; fileRef = E8BD25CE2AFCA012009E6597 /* ForgotPasswordViewController.swift */; };
		E8BD25D12AFCA024009E6597 /* ForgotPasswordView.swift in Sources */ = {isa = PBXBuildFile; fileRef = E8BD25D02AFCA024009E6597 /* ForgotPasswordView.swift */; };
		E8D75F172AF981AB00CD4857 /* LoginScreenViewController.swift in Sources */ = {isa = PBXBuildFile; fileRef = E8D75F162AF981AB00CD4857 /* LoginScreenViewController.swift */; };
		E8D75F192AF981B600CD4857 /* RegisterViewController.swift in Sources */ = {isa = PBXBuildFile; fileRef = E8D75F182AF981B600CD4857 /* RegisterViewController.swift */; };
		E8D75F1C2AF981EF00CD4857 /* LoginScreenView.swift in Sources */ = {isa = PBXBuildFile; fileRef = E8D75F1B2AF981EF00CD4857 /* LoginScreenView.swift */; };
		E8D75F1E2AF981F800CD4857 /* RegisterView.swift in Sources */ = {isa = PBXBuildFile; fileRef = E8D75F1D2AF981F800CD4857 /* RegisterView.swift */; };
		E8E358C12AD755CB00EE32E6 /* AppDelegate.swift in Sources */ = {isa = PBXBuildFile; fileRef = E8E358C02AD755CB00EE32E6 /* AppDelegate.swift */; };
		E8E358C32AD755CB00EE32E6 /* SceneDelegate.swift in Sources */ = {isa = PBXBuildFile; fileRef = E8E358C22AD755CB00EE32E6 /* SceneDelegate.swift */; };
		E8E358C52AD755CB00EE32E6 /* SplashScreenViewController.swift in Sources */ = {isa = PBXBuildFile; fileRef = E8E358C42AD755CB00EE32E6 /* SplashScreenViewController.swift */; };
		E8E358CA2AD755CE00EE32E6 /* Assets.xcassets in Resources */ = {isa = PBXBuildFile; fileRef = E8E358C92AD755CE00EE32E6 /* Assets.xcassets */; };
		E8E358CD2AD755CE00EE32E6 /* LaunchScreen.storyboard in Resources */ = {isa = PBXBuildFile; fileRef = E8E358CB2AD755CE00EE32E6 /* LaunchScreen.storyboard */; };
		E8E358D82AD755CE00EE32E6 /* reminderToWordsTests.swift in Sources */ = {isa = PBXBuildFile; fileRef = E8E358D72AD755CE00EE32E6 /* reminderToWordsTests.swift */; };
		E8E358E22AD755CE00EE32E6 /* reminderToWordsUITests.swift in Sources */ = {isa = PBXBuildFile; fileRef = E8E358E12AD755CE00EE32E6 /* reminderToWordsUITests.swift */; };
		E8E358E42AD755CE00EE32E6 /* reminderToWordsUITestsLaunchTests.swift in Sources */ = {isa = PBXBuildFile; fileRef = E8E358E32AD755CE00EE32E6 /* reminderToWordsUITestsLaunchTests.swift */; };
		E8EDEDDE2B10104B0051E511 /* CardTableViewCell.swift in Sources */ = {isa = PBXBuildFile; fileRef = E8EDEDDD2B10104B0051E511 /* CardTableViewCell.swift */; };
/* End PBXBuildFile section */

/* Begin PBXContainerItemProxy section */
		E8E358D42AD755CE00EE32E6 /* PBXContainerItemProxy */ = {
			isa = PBXContainerItemProxy;
			containerPortal = E8E358B52AD755CB00EE32E6 /* Project object */;
			proxyType = 1;
			remoteGlobalIDString = E8E358BC2AD755CB00EE32E6;
			remoteInfo = reminderToWords;
		};
		E8E358DE2AD755CE00EE32E6 /* PBXContainerItemProxy */ = {
			isa = PBXContainerItemProxy;
			containerPortal = E8E358B52AD755CB00EE32E6 /* Project object */;
			proxyType = 1;
			remoteGlobalIDString = E8E358BC2AD755CB00EE32E6;
			remoteInfo = reminderToWords;
		};
/* End PBXContainerItemProxy section */

/* Begin PBXFileReference section */
		E80A633D2B054C44007BF642 /* DataModel.swift */ = {isa = PBXFileReference; lastKnownFileType = sourcecode.swift; path = DataModel.swift; sourceTree = "<group>"; };
		E8211ADD2B2CE6A400B73397 /* PasswordController.swift */ = {isa = PBXFileReference; lastKnownFileType = sourcecode.swift; path = PasswordController.swift; sourceTree = "<group>"; };
		E82420BD2ADFF45E00B6993D /* NewDeckTableViewCell.swift */ = {isa = PBXFileReference; lastKnownFileType = sourcecode.swift; path = NewDeckTableViewCell.swift; sourceTree = "<group>"; };
		E83328122B2CE703006302E6 /* PasswordView.swift */ = {isa = PBXFileReference; lastKnownFileType = sourcecode.swift; path = PasswordView.swift; sourceTree = "<group>"; };
		E83577B12AE09FD000C37473 /* DeckColorTableViewCell.swift */ = {isa = PBXFileReference; lastKnownFileType = sourcecode.swift; path = DeckColorTableViewCell.swift; sourceTree = "<group>"; };
		E83577B92AE150A100C37473 /* DeckImageTableViewCell.swift */ = {isa = PBXFileReference; lastKnownFileType = sourcecode.swift; path = DeckImageTableViewCell.swift; sourceTree = "<group>"; };
		E83FFE402ADE8B0F00C9A01A /* NewDeckViewController.swift */ = {isa = PBXFileReference; lastKnownFileType = sourcecode.swift; path = NewDeckViewController.swift; sourceTree = "<group>"; };
		E83FFE432ADE8EC300C9A01A /* NewDeckView.swift */ = {isa = PBXFileReference; lastKnownFileType = sourcecode.swift; path = NewDeckView.swift; sourceTree = "<group>"; };
		E848090A2AE9AA93008FF04A /* DeckCellCollectionViewCell.swift */ = {isa = PBXFileReference; lastKnownFileType = sourcecode.swift; path = DeckCellCollectionViewCell.swift; sourceTree = "<group>"; };
		E84E4FF82B29181A00EA2266 /* Ext + HomePageCollectionView.swift */ = {isa = PBXFileReference; lastKnownFileType = sourcecode.swift; path = "Ext + HomePageCollectionView.swift"; sourceTree = "<group>"; };
		E84E4FFB2B29193500EA2266 /* TabBarController.swift */ = {isa = PBXFileReference; lastKnownFileType = sourcecode.swift; path = TabBarController.swift; sourceTree = "<group>"; };
		E8552E542B0FB81400BCDE3E /* CardNameModel.swift */ = {isa = PBXFileReference; lastKnownFileType = sourcecode.swift; path = CardNameModel.swift; sourceTree = "<group>"; };
		E858E1722AD7619700E37212 /* Ext + UIView.swift */ = {isa = PBXFileReference; lastKnownFileType = sourcecode.swift; path = "Ext + UIView.swift"; sourceTree = "<group>"; };
		E858E1752AD7622000E37212 /* Ext + UIColor .swift */ = {isa = PBXFileReference; lastKnownFileType = sourcecode.swift; path = "Ext + UIColor .swift"; sourceTree = "<group>"; };
		E858E1772AD7624400E37212 /* SplashScreenView.swift */ = {isa = PBXFileReference; lastKnownFileType = sourcecode.swift; path = SplashScreenView.swift; sourceTree = "<group>"; };
		E858E17B2AD8244E00E37212 /* UIComponentsHelper.swift */ = {isa = PBXFileReference; lastKnownFileType = sourcecode.swift; path = UIComponentsHelper.swift; sourceTree = "<group>"; };
		E858E17F2AD82EFF00E37212 /* Poppins-Italic.ttf */ = {isa = PBXFileReference; lastKnownFileType = file; name = "Poppins-Italic.ttf"; path = "../../../../../Downloads/Poppins/Poppins-Italic.ttf"; sourceTree = "<group>"; };
		E858E1802AD82EFF00E37212 /* Poppins-ExtraBoldItalic.ttf */ = {isa = PBXFileReference; lastKnownFileType = file; name = "Poppins-ExtraBoldItalic.ttf"; path = "../../../../../Downloads/Poppins/Poppins-ExtraBoldItalic.ttf"; sourceTree = "<group>"; };
		E858E1812AD82EFF00E37212 /* Poppins-ExtraBold.ttf */ = {isa = PBXFileReference; lastKnownFileType = file; name = "Poppins-ExtraBold.ttf"; path = "../../../../../Downloads/Poppins/Poppins-ExtraBold.ttf"; sourceTree = "<group>"; };
		E858E1822AD82EFF00E37212 /* Poppins-LightItalic.ttf */ = {isa = PBXFileReference; lastKnownFileType = file; name = "Poppins-LightItalic.ttf"; path = "../../../../../Downloads/Poppins/Poppins-LightItalic.ttf"; sourceTree = "<group>"; };
		E858E1832AD82EFF00E37212 /* Poppins-Black.ttf */ = {isa = PBXFileReference; lastKnownFileType = file; name = "Poppins-Black.ttf"; path = "../../../../../Downloads/Poppins/Poppins-Black.ttf"; sourceTree = "<group>"; };
		E858E1842AD82EFF00E37212 /* Poppins-ExtraLightItalic.ttf */ = {isa = PBXFileReference; lastKnownFileType = file; name = "Poppins-ExtraLightItalic.ttf"; path = "../../../../../Downloads/Poppins/Poppins-ExtraLightItalic.ttf"; sourceTree = "<group>"; };
		E858E1852AD82EFF00E37212 /* Poppins-SemiBoldItalic.ttf */ = {isa = PBXFileReference; lastKnownFileType = file; name = "Poppins-SemiBoldItalic.ttf"; path = "../../../../../Downloads/Poppins/Poppins-SemiBoldItalic.ttf"; sourceTree = "<group>"; };
		E858E1862AD82EFF00E37212 /* Poppins-Thin.ttf */ = {isa = PBXFileReference; lastKnownFileType = file; name = "Poppins-Thin.ttf"; path = "../../../../../Downloads/Poppins/Poppins-Thin.ttf"; sourceTree = "<group>"; };
		E858E1872AD82EFF00E37212 /* Poppins-Light.ttf */ = {isa = PBXFileReference; lastKnownFileType = file; name = "Poppins-Light.ttf"; path = "../../../../../Downloads/Poppins/Poppins-Light.ttf"; sourceTree = "<group>"; };
		E858E1882AD82EFF00E37212 /* Poppins-ThinItalic.ttf */ = {isa = PBXFileReference; lastKnownFileType = file; name = "Poppins-ThinItalic.ttf"; path = "../../../../../Downloads/Poppins/Poppins-ThinItalic.ttf"; sourceTree = "<group>"; };
		E858E1892AD82EFF00E37212 /* Poppins-SemiBold.ttf */ = {isa = PBXFileReference; lastKnownFileType = file; name = "Poppins-SemiBold.ttf"; path = "../../../../../Downloads/Poppins/Poppins-SemiBold.ttf"; sourceTree = "<group>"; };
		E858E18A2AD82EFF00E37212 /* Poppins-BlackItalic.ttf */ = {isa = PBXFileReference; lastKnownFileType = file; name = "Poppins-BlackItalic.ttf"; path = "../../../../../Downloads/Poppins/Poppins-BlackItalic.ttf"; sourceTree = "<group>"; };
		E858E18B2AD82EFF00E37212 /* Poppins-Bold.ttf */ = {isa = PBXFileReference; lastKnownFileType = file; name = "Poppins-Bold.ttf"; path = "../../../../../Downloads/Poppins/Poppins-Bold.ttf"; sourceTree = "<group>"; };
		E858E18C2AD82EFF00E37212 /* Poppins-ExtraLight.ttf */ = {isa = PBXFileReference; lastKnownFileType = file; name = "Poppins-ExtraLight.ttf"; path = "../../../../../Downloads/Poppins/Poppins-ExtraLight.ttf"; sourceTree = "<group>"; };
		E858E18D2AD82EFF00E37212 /* Poppins-BoldItalic.ttf */ = {isa = PBXFileReference; lastKnownFileType = file; name = "Poppins-BoldItalic.ttf"; path = "../../../../../Downloads/Poppins/Poppins-BoldItalic.ttf"; sourceTree = "<group>"; };
		E858E18E2AD82EFF00E37212 /* Poppins-MediumItalic.ttf */ = {isa = PBXFileReference; lastKnownFileType = file; name = "Poppins-MediumItalic.ttf"; path = "../../../../../Downloads/Poppins/Poppins-MediumItalic.ttf"; sourceTree = "<group>"; };
		E858E18F2AD82F0000E37212 /* OFL.txt */ = {isa = PBXFileReference; fileEncoding = 4; lastKnownFileType = text; name = OFL.txt; path = ../../../../../Downloads/Poppins/OFL.txt; sourceTree = "<group>"; };
		E858E1902AD82F0000E37212 /* Poppins-Medium.ttf */ = {isa = PBXFileReference; lastKnownFileType = file; name = "Poppins-Medium.ttf"; path = "../../../../../Downloads/Poppins/Poppins-Medium.ttf"; sourceTree = "<group>"; };
		E858E1912AD82F0000E37212 /* Poppins-Regular.ttf */ = {isa = PBXFileReference; lastKnownFileType = file; name = "Poppins-Regular.ttf"; path = "../../../../../Downloads/Poppins/Poppins-Regular.ttf"; sourceTree = "<group>"; };
		E858E1A62AD83D4400E37212 /* HomePageCollectionViewController.swift */ = {isa = PBXFileReference; lastKnownFileType = sourcecode.swift; path = HomePageCollectionViewController.swift; sourceTree = "<group>"; };
		E858E1AB2AD83E3E00E37212 /* HomePageView.swift */ = {isa = PBXFileReference; lastKnownFileType = sourcecode.swift; path = HomePageView.swift; sourceTree = "<group>"; };
		E8690FAD2B2A5FBE004EAA12 /* ProfileViewController.swift */ = {isa = PBXFileReference; lastKnownFileType = sourcecode.swift; path = ProfileViewController.swift; sourceTree = "<group>"; };
		E8690FB12B2A8345004EAA12 /* Gilroy-SemiBold.ttf */ = {isa = PBXFileReference; lastKnownFileType = file; path = "Gilroy-SemiBold.ttf"; sourceTree = "<group>"; };
		E8690FB22B2A8345004EAA12 /* Gilroy-Bold.ttf */ = {isa = PBXFileReference; lastKnownFileType = file; path = "Gilroy-Bold.ttf"; sourceTree = "<group>"; };
		E8690FB32B2A8345004EAA12 /* Gilroy-BlackItalic.ttf */ = {isa = PBXFileReference; lastKnownFileType = file; path = "Gilroy-BlackItalic.ttf"; sourceTree = "<group>"; };
		E8690FB42B2A8345004EAA12 /* Gilroy-ExtraBoldItalic.ttf */ = {isa = PBXFileReference; lastKnownFileType = file; path = "Gilroy-ExtraBoldItalic.ttf"; sourceTree = "<group>"; };
		E8690FB52B2A8345004EAA12 /* Gilroy-RegularItalic.ttf */ = {isa = PBXFileReference; lastKnownFileType = file; path = "Gilroy-RegularItalic.ttf"; sourceTree = "<group>"; };
		E8690FB62B2A8345004EAA12 /* Gilroy-UltraLight.ttf */ = {isa = PBXFileReference; lastKnownFileType = file; path = "Gilroy-UltraLight.ttf"; sourceTree = "<group>"; };
		E8690FB72B2A8345004EAA12 /* Gilroy-Black.ttf */ = {isa = PBXFileReference; lastKnownFileType = file; path = "Gilroy-Black.ttf"; sourceTree = "<group>"; };
		E8690FB82B2A8345004EAA12 /* Gilroy-Medium.ttf */ = {isa = PBXFileReference; lastKnownFileType = file; path = "Gilroy-Medium.ttf"; sourceTree = "<group>"; };
		E8690FB92B2A8345004EAA12 /* Gilroy-BoldItalic.ttf */ = {isa = PBXFileReference; lastKnownFileType = file; path = "Gilroy-BoldItalic.ttf"; sourceTree = "<group>"; };
		E8690FBA2B2A8345004EAA12 /* Gilroy-MediumItalic.ttf */ = {isa = PBXFileReference; lastKnownFileType = file; path = "Gilroy-MediumItalic.ttf"; sourceTree = "<group>"; };
		E8690FBB2B2A8345004EAA12 /* Gilroy-LightItalic.ttf */ = {isa = PBXFileReference; lastKnownFileType = file; path = "Gilroy-LightItalic.ttf"; sourceTree = "<group>"; };
		E8690FBC2B2A8345004EAA12 /* Gilroy-Heavy.ttf */ = {isa = PBXFileReference; lastKnownFileType = file; path = "Gilroy-Heavy.ttf"; sourceTree = "<group>"; };
		E8690FBD2B2A8345004EAA12 /* Gilroy-SemiBoldItalic.ttf */ = {isa = PBXFileReference; lastKnownFileType = file; path = "Gilroy-SemiBoldItalic.ttf"; sourceTree = "<group>"; };
		E8690FBE2B2A8345004EAA12 /* Gilroy-Thin.ttf */ = {isa = PBXFileReference; lastKnownFileType = file; path = "Gilroy-Thin.ttf"; sourceTree = "<group>"; };
		E8690FBF2B2A8345004EAA12 /* Gilroy-Light.ttf */ = {isa = PBXFileReference; lastKnownFileType = file; path = "Gilroy-Light.ttf"; sourceTree = "<group>"; };
		E8690FC02B2A8345004EAA12 /* Gilroy-HeavyItalic.ttf */ = {isa = PBXFileReference; lastKnownFileType = file; path = "Gilroy-HeavyItalic.ttf"; sourceTree = "<group>"; };
		E8690FC12B2A8345004EAA12 /* Gilroy-Regular.ttf */ = {isa = PBXFileReference; lastKnownFileType = file; path = "Gilroy-Regular.ttf"; sourceTree = "<group>"; };
		E8690FC22B2A8346004EAA12 /* Gilroy-ThinItalic.ttf */ = {isa = PBXFileReference; lastKnownFileType = file; path = "Gilroy-ThinItalic.ttf"; sourceTree = "<group>"; };
		E8690FC32B2A8346004EAA12 /* Gilroy-UltraLightItalic.ttf */ = {isa = PBXFileReference; lastKnownFileType = file; path = "Gilroy-UltraLightItalic.ttf"; sourceTree = "<group>"; };
		E8690FC42B2A8346004EAA12 /* Gilroy-ExtraBold.ttf */ = {isa = PBXFileReference; lastKnownFileType = file; path = "Gilroy-ExtraBold.ttf"; sourceTree = "<group>"; };
		E8690FDA2B2B2BF9004EAA12 /* ProfileView.swift */ = {isa = PBXFileReference; lastKnownFileType = sourcecode.swift; path = ProfileView.swift; sourceTree = "<group>"; };
		E8697CDA2AFAB9A40077A8BD /* AuthService.swift */ = {isa = PBXFileReference; lastKnownFileType = sourcecode.swift; path = AuthService.swift; sourceTree = "<group>"; };
		E8697CDC2AFABB860077A8BD /* RegisterUserRequest.swift */ = {isa = PBXFileReference; lastKnownFileType = sourcecode.swift; path = RegisterUserRequest.swift; sourceTree = "<group>"; };
		E8698B142AEB2A8900CC7144 /* DetailViewController.swift */ = {isa = PBXFileReference; lastKnownFileType = sourcecode.swift; path = DetailViewController.swift; sourceTree = "<group>"; };
		E8698B192AEBFDB900CC7144 /* DetailTableViewCell.swift */ = {isa = PBXFileReference; lastKnownFileType = sourcecode.swift; path = DetailTableViewCell.swift; sourceTree = "<group>"; };
		E87E559D2AF2D840006F2612 /* CardViewController.swift */ = {isa = PBXFileReference; lastKnownFileType = sourcecode.swift; path = CardViewController.swift; sourceTree = "<group>"; };
		E87E559F2AF2DB46006F2612 /* CardView.swift */ = {isa = PBXFileReference; lastKnownFileType = sourcecode.swift; path = CardView.swift; sourceTree = "<group>"; };
		E882A4B32B287AF6006B795C /* Ext + CardViewController.swift */ = {isa = PBXFileReference; lastKnownFileType = sourcecode.swift; path = "Ext + CardViewController.swift"; sourceTree = "<group>"; };
		E88B60622AE7FC020005649A /* OnboardingViewController.swift */ = {isa = PBXFileReference; lastKnownFileType = sourcecode.swift; path = OnboardingViewController.swift; sourceTree = "<group>"; };
		E88B60642AE7FEA70005649A /* UIOnboardingHelper.swift */ = {isa = PBXFileReference; lastKnownFileType = sourcecode.swift; path = UIOnboardingHelper.swift; sourceTree = "<group>"; };
		E89413622B2F115100A44B76 /* reminderToWords.entitlements */ = {isa = PBXFileReference; lastKnownFileType = text.plist.entitlements; path = reminderToWords.entitlements; sourceTree = "<group>"; };
		E89E69A02B325B8E00E4725E /* RecycleBinController.swift */ = {isa = PBXFileReference; lastKnownFileType = sourcecode.swift; path = RecycleBinController.swift; sourceTree = "<group>"; };
		E89E69A22B32623200E4725E /* RecycleBinCollectionCell.swift */ = {isa = PBXFileReference; lastKnownFileType = sourcecode.swift; path = RecycleBinCollectionCell.swift; sourceTree = "<group>"; };
		E89E69A42B33545E00E4725E /* NotificationProvider.swift */ = {isa = PBXFileReference; lastKnownFileType = sourcecode.swift; path = NotificationProvider.swift; sourceTree = "<group>"; };
		E8B5DC162AFA334000047D1D /* LoginUserRequest.swift */ = {isa = PBXFileReference; lastKnownFileType = sourcecode.swift; path = LoginUserRequest.swift; sourceTree = "<group>"; };
		E8BD25B52AFBD7A7009E6597 /* GoogleService-Info.plist */ = {isa = PBXFileReference; fileEncoding = 4; lastKnownFileType = text.plist.xml; name = "GoogleService-Info.plist"; path = "../../../../../Downloads/GoogleService-Info.plist"; sourceTree = "<group>"; };
		E8BD25CA2AFC3586009E6597 /* Validator.swift */ = {isa = PBXFileReference; lastKnownFileType = sourcecode.swift; path = Validator.swift; sourceTree = "<group>"; };
		E8BD25CC2AFC9437009E6597 /* AlertManager.swift */ = {isa = PBXFileReference; lastKnownFileType = sourcecode.swift; path = AlertManager.swift; sourceTree = "<group>"; };
		E8BD25CE2AFCA012009E6597 /* ForgotPasswordViewController.swift */ = {isa = PBXFileReference; lastKnownFileType = sourcecode.swift; path = ForgotPasswordViewController.swift; sourceTree = "<group>"; };
		E8BD25D02AFCA024009E6597 /* ForgotPasswordView.swift */ = {isa = PBXFileReference; lastKnownFileType = sourcecode.swift; path = ForgotPasswordView.swift; sourceTree = "<group>"; };
		E8D75F162AF981AB00CD4857 /* LoginScreenViewController.swift */ = {isa = PBXFileReference; lastKnownFileType = sourcecode.swift; path = LoginScreenViewController.swift; sourceTree = "<group>"; };
		E8D75F182AF981B600CD4857 /* RegisterViewController.swift */ = {isa = PBXFileReference; lastKnownFileType = sourcecode.swift; path = RegisterViewController.swift; sourceTree = "<group>"; };
		E8D75F1B2AF981EF00CD4857 /* LoginScreenView.swift */ = {isa = PBXFileReference; lastKnownFileType = sourcecode.swift; path = LoginScreenView.swift; sourceTree = "<group>"; };
		E8D75F1D2AF981F800CD4857 /* RegisterView.swift */ = {isa = PBXFileReference; lastKnownFileType = sourcecode.swift; path = RegisterView.swift; sourceTree = "<group>"; };
		E8E358BD2AD755CB00EE32E6 /* reminderToWords.app */ = {isa = PBXFileReference; explicitFileType = wrapper.application; includeInIndex = 0; path = reminderToWords.app; sourceTree = BUILT_PRODUCTS_DIR; };
		E8E358C02AD755CB00EE32E6 /* AppDelegate.swift */ = {isa = PBXFileReference; lastKnownFileType = sourcecode.swift; path = AppDelegate.swift; sourceTree = "<group>"; };
		E8E358C22AD755CB00EE32E6 /* SceneDelegate.swift */ = {isa = PBXFileReference; lastKnownFileType = sourcecode.swift; path = SceneDelegate.swift; sourceTree = "<group>"; };
		E8E358C42AD755CB00EE32E6 /* SplashScreenViewController.swift */ = {isa = PBXFileReference; lastKnownFileType = sourcecode.swift; path = SplashScreenViewController.swift; sourceTree = "<group>"; };
		E8E358C92AD755CE00EE32E6 /* Assets.xcassets */ = {isa = PBXFileReference; lastKnownFileType = folder.assetcatalog; path = Assets.xcassets; sourceTree = "<group>"; };
		E8E358CC2AD755CE00EE32E6 /* Base */ = {isa = PBXFileReference; lastKnownFileType = file.storyboard; name = Base; path = Base.lproj/LaunchScreen.storyboard; sourceTree = "<group>"; };
		E8E358CE2AD755CE00EE32E6 /* Info.plist */ = {isa = PBXFileReference; lastKnownFileType = text.plist.xml; path = Info.plist; sourceTree = "<group>"; };
		E8E358D32AD755CE00EE32E6 /* reminderToWordsTests.xctest */ = {isa = PBXFileReference; explicitFileType = wrapper.cfbundle; includeInIndex = 0; path = reminderToWordsTests.xctest; sourceTree = BUILT_PRODUCTS_DIR; };
		E8E358D72AD755CE00EE32E6 /* reminderToWordsTests.swift */ = {isa = PBXFileReference; lastKnownFileType = sourcecode.swift; path = reminderToWordsTests.swift; sourceTree = "<group>"; };
		E8E358DD2AD755CE00EE32E6 /* reminderToWordsUITests.xctest */ = {isa = PBXFileReference; explicitFileType = wrapper.cfbundle; includeInIndex = 0; path = reminderToWordsUITests.xctest; sourceTree = BUILT_PRODUCTS_DIR; };
		E8E358E12AD755CE00EE32E6 /* reminderToWordsUITests.swift */ = {isa = PBXFileReference; lastKnownFileType = sourcecode.swift; path = reminderToWordsUITests.swift; sourceTree = "<group>"; };
		E8E358E32AD755CE00EE32E6 /* reminderToWordsUITestsLaunchTests.swift */ = {isa = PBXFileReference; lastKnownFileType = sourcecode.swift; path = reminderToWordsUITestsLaunchTests.swift; sourceTree = "<group>"; };
		E8EDEDDD2B10104B0051E511 /* CardTableViewCell.swift */ = {isa = PBXFileReference; lastKnownFileType = sourcecode.swift; path = CardTableViewCell.swift; sourceTree = "<group>"; };
/* End PBXFileReference section */

/* Begin PBXFrameworksBuildPhase section */
		E8E358BA2AD755CB00EE32E6 /* Frameworks */ = {
			isa = PBXFrameworksBuildPhase;
			buildActionMask = 2147483647;
			files = (
				E89413612B2F10B800A44B76 /* FirebaseMessaging in Frameworks */,
				E8BD25C32AFBD926009E6597 /* FirebaseDatabaseSwift in Frameworks */,
				E8BD25C12AFBD926009E6597 /* FirebaseDatabase in Frameworks */,
				E88F541C2B2E486200903336 /* SwipeCellKit in Frameworks */,
				E8BD25BB2AFBD926009E6597 /* FirebaseAnalyticsSwift in Frameworks */,
				E8BD25C92AFBD926009E6597 /* FirebaseStorage in Frameworks */,
				E8BD25BF2AFBD926009E6597 /* FirebaseAuth in Frameworks */,
				E8BD25B92AFBD926009E6597 /* FirebaseAnalytics in Frameworks */,
				E8BD25C52AFBD926009E6597 /* FirebaseFirestore in Frameworks */,
				E88B60602AE7FBC70005649A /* UIOnboarding in Frameworks */,
				E8BD25BD2AFBD926009E6597 /* FirebaseAnalyticsWithoutAdIdSupport in Frameworks */,
				E8BD25C72AFBD926009E6597 /* FirebaseFirestoreSwift in Frameworks */,
			);
			runOnlyForDeploymentPostprocessing = 0;
		};
		E8E358D02AD755CE00EE32E6 /* Frameworks */ = {
			isa = PBXFrameworksBuildPhase;
			buildActionMask = 2147483647;
			files = (
			);
			runOnlyForDeploymentPostprocessing = 0;
		};
		E8E358DA2AD755CE00EE32E6 /* Frameworks */ = {
			isa = PBXFrameworksBuildPhase;
			buildActionMask = 2147483647;
			files = (
			);
			runOnlyForDeploymentPostprocessing = 0;
		};
/* End PBXFrameworksBuildPhase section */

/* Begin PBXGroup section */
		E82420BC2ADFF43E00B6993D /* NewDeckTableViewCell */ = {
			isa = PBXGroup;
			children = (
				E82420BD2ADFF45E00B6993D /* NewDeckTableViewCell.swift */,
				E83577B12AE09FD000C37473 /* DeckColorTableViewCell.swift */,
				E83577B92AE150A100C37473 /* DeckImageTableViewCell.swift */,
			);
			path = NewDeckTableViewCell;
			sourceTree = "<group>";
		};
		E83FFE3F2ADE8AFB00C9A01A /* NewDeckVC */ = {
			isa = PBXGroup;
			children = (
				E83FFE402ADE8B0F00C9A01A /* NewDeckViewController.swift */,
			);
			path = NewDeckVC;
			sourceTree = "<group>";
		};
		E83FFE422ADE8EB900C9A01A /* NewDeckBackGround */ = {
			isa = PBXGroup;
			children = (
				E83FFE432ADE8EC300C9A01A /* NewDeckView.swift */,
			);
			path = NewDeckBackGround;
			sourceTree = "<group>";
		};
		E84E4FFA2B29192500EA2266 /* TabBarController */ = {
			isa = PBXGroup;
			children = (
				E84E4FFB2B29193500EA2266 /* TabBarController.swift */,
			);
			path = TabBarController;
			sourceTree = "<group>";
		};
		E8552E562B0FB94D00BCDE3E /* DetailViewController */ = {
			isa = PBXGroup;
			children = (
				E8698B142AEB2A8900CC7144 /* DetailViewController.swift */,
			);
			path = DetailViewController;
			sourceTree = "<group>";
		};
		E858E16E2AD760C700E37212 /* Settings */ = {
			isa = PBXGroup;
			children = (
				E8BD25B52AFBD7A7009E6597 /* GoogleService-Info.plist */,
				E8E358CB2AD755CE00EE32E6 /* LaunchScreen.storyboard */,
				E8E358C22AD755CB00EE32E6 /* SceneDelegate.swift */,
				E8E358C02AD755CB00EE32E6 /* AppDelegate.swift */,
			);
			path = Settings;
			sourceTree = "<group>";
		};
		E858E16F2AD760EF00E37212 /* Model */ = {
			isa = PBXGroup;
			children = (
				E8B5DC162AFA334000047D1D /* LoginUserRequest.swift */,
				E8697CDC2AFABB860077A8BD /* RegisterUserRequest.swift */,
				E80A633D2B054C44007BF642 /* DataModel.swift */,
				E8552E542B0FB81400BCDE3E /* CardNameModel.swift */,
			);
			path = Model;
			sourceTree = "<group>";
		};
		E858E1702AD760F400E37212 /* View */ = {
			isa = PBXGroup;
			children = (
				E8690FD92B2B2BDE004EAA12 /* ProfileView */,
				E8D75F1A2AF981DD00CD4857 /* LoginHomeView */,
				E87E559B2AF2D800006F2612 /* CardView */,
				E8698B182AEBFD9C00CC7144 /* DetailTableViewCell */,
				E82420BC2ADFF43E00B6993D /* NewDeckTableViewCell */,
				E83FFE422ADE8EB900C9A01A /* NewDeckBackGround */,
				E858E1AA2AD83E3100E37212 /* HomePage */,
				E858E1A92AD83E1D00E37212 /* SplashScreen */,
			);
			path = View;
			sourceTree = "<group>";
		};
		E858E1712AD760F800E37212 /* Controller */ = {
			isa = PBXGroup;
			children = (
				E89E699D2B325B5E00E4725E /* RecycleBinController */,
				E8690FAF2B2A5FC3004EAA12 /* ProfileViewController */,
				E84E4FFA2B29192500EA2266 /* TabBarController */,
				E8D75F152AF9816A00CD4857 /* LoginHomeController */,
				E858E1A82AD83D4800E37212 /* HomePageVC */,
				E87E559C2AF2D817006F2612 /* CardViewController */,
				E88B60612AE7FBF00005649A /* OnboardingVC */,
				E83FFE3F2ADE8AFB00C9A01A /* NewDeckVC */,
				E858E1A52AD83B5C00E37212 /* SplashVc */,
				E8552E562B0FB94D00BCDE3E /* DetailViewController */,
			);
			path = Controller;
			sourceTree = "<group>";
		};
		E858E1742AD7619B00E37212 /* Extensions */ = {
			isa = PBXGroup;
			children = (
				E858E1722AD7619700E37212 /* Ext + UIView.swift */,
				E858E1752AD7622000E37212 /* Ext + UIColor .swift */,
				E882A4B32B287AF6006B795C /* Ext + CardViewController.swift */,
				E84E4FF82B29181A00EA2266 /* Ext + HomePageCollectionView.swift */,
			);
			path = Extensions;
			sourceTree = "<group>";
		};
		E858E17D2AD824EC00E37212 /* Helpers */ = {
			isa = PBXGroup;
			children = (
				E858E17B2AD8244E00E37212 /* UIComponentsHelper.swift */,
				E88B60642AE7FEA70005649A /* UIOnboardingHelper.swift */,
				E8BD25CA2AFC3586009E6597 /* Validator.swift */,
				E8BD25CC2AFC9437009E6597 /* AlertManager.swift */,
				E89E69A42B33545E00E4725E /* NotificationProvider.swift */,
			);
			path = Helpers;
			sourceTree = "<group>";
		};
		E858E17E2AD82EEC00E37212 /* PoppinsFont */ = {
			isa = PBXGroup;
			children = (
				E858E18F2AD82F0000E37212 /* OFL.txt */,
				E858E1832AD82EFF00E37212 /* Poppins-Black.ttf */,
				E858E18A2AD82EFF00E37212 /* Poppins-BlackItalic.ttf */,
				E858E18B2AD82EFF00E37212 /* Poppins-Bold.ttf */,
				E858E18D2AD82EFF00E37212 /* Poppins-BoldItalic.ttf */,
				E858E1812AD82EFF00E37212 /* Poppins-ExtraBold.ttf */,
				E858E1802AD82EFF00E37212 /* Poppins-ExtraBoldItalic.ttf */,
				E858E18C2AD82EFF00E37212 /* Poppins-ExtraLight.ttf */,
				E858E1842AD82EFF00E37212 /* Poppins-ExtraLightItalic.ttf */,
				E858E17F2AD82EFF00E37212 /* Poppins-Italic.ttf */,
				E858E1872AD82EFF00E37212 /* Poppins-Light.ttf */,
				E858E1822AD82EFF00E37212 /* Poppins-LightItalic.ttf */,
				E858E1902AD82F0000E37212 /* Poppins-Medium.ttf */,
				E858E18E2AD82EFF00E37212 /* Poppins-MediumItalic.ttf */,
				E858E1912AD82F0000E37212 /* Poppins-Regular.ttf */,
				E858E1892AD82EFF00E37212 /* Poppins-SemiBold.ttf */,
				E858E1852AD82EFF00E37212 /* Poppins-SemiBoldItalic.ttf */,
				E858E1862AD82EFF00E37212 /* Poppins-Thin.ttf */,
				E858E1882AD82EFF00E37212 /* Poppins-ThinItalic.ttf */,
			);
			path = PoppinsFont;
			sourceTree = "<group>";
		};
		E858E1A52AD83B5C00E37212 /* SplashVc */ = {
			isa = PBXGroup;
			children = (
				E8E358C42AD755CB00EE32E6 /* SplashScreenViewController.swift */,
			);
			path = SplashVc;
			sourceTree = "<group>";
		};
		E858E1A82AD83D4800E37212 /* HomePageVC */ = {
			isa = PBXGroup;
			children = (
				E858E1A62AD83D4400E37212 /* HomePageCollectionViewController.swift */,
				E8C6B61D2AEAD015004F1BAC /* CollectionViewCell */,
			);
			path = HomePageVC;
			sourceTree = "<group>";
		};
		E858E1A92AD83E1D00E37212 /* SplashScreen */ = {
			isa = PBXGroup;
			children = (
				E858E1772AD7624400E37212 /* SplashScreenView.swift */,
			);
			path = SplashScreen;
			sourceTree = "<group>";
		};
		E858E1AA2AD83E3100E37212 /* HomePage */ = {
			isa = PBXGroup;
			children = (
				E858E1AB2AD83E3E00E37212 /* HomePageView.swift */,
			);
			path = HomePage;
			sourceTree = "<group>";
		};
		E8690FAF2B2A5FC3004EAA12 /* ProfileViewController */ = {
			isa = PBXGroup;
			children = (
				E8690FAD2B2A5FBE004EAA12 /* ProfileViewController.swift */,
				E8211ADD2B2CE6A400B73397 /* PasswordController.swift */,
			);
			path = ProfileViewController;
			sourceTree = "<group>";
		};
		E8690FB02B2A832B004EAA12 /* GilroyFont */ = {
			isa = PBXGroup;
			children = (
				E8690FB72B2A8345004EAA12 /* Gilroy-Black.ttf */,
				E8690FB32B2A8345004EAA12 /* Gilroy-BlackItalic.ttf */,
				E8690FB22B2A8345004EAA12 /* Gilroy-Bold.ttf */,
				E8690FB92B2A8345004EAA12 /* Gilroy-BoldItalic.ttf */,
				E8690FC42B2A8346004EAA12 /* Gilroy-ExtraBold.ttf */,
				E8690FB42B2A8345004EAA12 /* Gilroy-ExtraBoldItalic.ttf */,
				E8690FBC2B2A8345004EAA12 /* Gilroy-Heavy.ttf */,
				E8690FC02B2A8345004EAA12 /* Gilroy-HeavyItalic.ttf */,
				E8690FBF2B2A8345004EAA12 /* Gilroy-Light.ttf */,
				E8690FBB2B2A8345004EAA12 /* Gilroy-LightItalic.ttf */,
				E8690FB82B2A8345004EAA12 /* Gilroy-Medium.ttf */,
				E8690FBA2B2A8345004EAA12 /* Gilroy-MediumItalic.ttf */,
				E8690FC12B2A8345004EAA12 /* Gilroy-Regular.ttf */,
				E8690FB52B2A8345004EAA12 /* Gilroy-RegularItalic.ttf */,
				E8690FB12B2A8345004EAA12 /* Gilroy-SemiBold.ttf */,
				E8690FBD2B2A8345004EAA12 /* Gilroy-SemiBoldItalic.ttf */,
				E8690FBE2B2A8345004EAA12 /* Gilroy-Thin.ttf */,
				E8690FC22B2A8346004EAA12 /* Gilroy-ThinItalic.ttf */,
				E8690FB62B2A8345004EAA12 /* Gilroy-UltraLight.ttf */,
				E8690FC32B2A8346004EAA12 /* Gilroy-UltraLightItalic.ttf */,
			);
			path = GilroyFont;
			sourceTree = "<group>";
		};
		E8690FD92B2B2BDE004EAA12 /* ProfileView */ = {
			isa = PBXGroup;
			children = (
				E8690FDA2B2B2BF9004EAA12 /* ProfileView.swift */,
				E83328122B2CE703006302E6 /* PasswordView.swift */,
			);
			path = ProfileView;
			sourceTree = "<group>";
		};
		E8697CDE2AFABBC80077A8BD /* Services */ = {
			isa = PBXGroup;
			children = (
				E8697CDA2AFAB9A40077A8BD /* AuthService.swift */,
			);
			path = Services;
			sourceTree = "<group>";
		};
		E8698B182AEBFD9C00CC7144 /* DetailTableViewCell */ = {
			isa = PBXGroup;
			children = (
				E8698B192AEBFDB900CC7144 /* DetailTableViewCell.swift */,
			);
			path = DetailTableViewCell;
			sourceTree = "<group>";
		};
		E87E559B2AF2D800006F2612 /* CardView */ = {
			isa = PBXGroup;
			children = (
				E87E559F2AF2DB46006F2612 /* CardView.swift */,
			);
			path = CardView;
			sourceTree = "<group>";
		};
		E87E559C2AF2D817006F2612 /* CardViewController */ = {
			isa = PBXGroup;
			children = (
				E87E559D2AF2D840006F2612 /* CardViewController.swift */,
				E8EDEDDC2B10102C0051E511 /* CardViewCell */,
			);
			path = CardViewController;
			sourceTree = "<group>";
		};
		E88B60612AE7FBF00005649A /* OnboardingVC */ = {
			isa = PBXGroup;
			children = (
				E88B60622AE7FC020005649A /* OnboardingViewController.swift */,
			);
			path = OnboardingVC;
			sourceTree = "<group>";
		};
		E89E699D2B325B5E00E4725E /* RecycleBinController */ = {
			isa = PBXGroup;
			children = (
				E89E69A02B325B8E00E4725E /* RecycleBinController.swift */,
				E89E69A22B32623200E4725E /* RecycleBinCollectionCell.swift */,
			);
			path = RecycleBinController;
			sourceTree = "<group>";
		};
		E8B677FB2AF9350B00694A1F /* Frameworks */ = {
			isa = PBXGroup;
			children = (
			);
			name = Frameworks;
			sourceTree = "<group>";
		};
		E8C6B61D2AEAD015004F1BAC /* CollectionViewCell */ = {
			isa = PBXGroup;
			children = (
				E848090A2AE9AA93008FF04A /* DeckCellCollectionViewCell.swift */,
			);
			path = CollectionViewCell;
			sourceTree = "<group>";
		};
		E8D75F152AF9816A00CD4857 /* LoginHomeController */ = {
			isa = PBXGroup;
			children = (
				E8D75F162AF981AB00CD4857 /* LoginScreenViewController.swift */,
				E8D75F182AF981B600CD4857 /* RegisterViewController.swift */,
				E8BD25CE2AFCA012009E6597 /* ForgotPasswordViewController.swift */,
			);
			path = LoginHomeController;
			sourceTree = "<group>";
		};
		E8D75F1A2AF981DD00CD4857 /* LoginHomeView */ = {
			isa = PBXGroup;
			children = (
				E8D75F1B2AF981EF00CD4857 /* LoginScreenView.swift */,
				E8D75F1D2AF981F800CD4857 /* RegisterView.swift */,
				E8BD25D02AFCA024009E6597 /* ForgotPasswordView.swift */,
			);
			path = LoginHomeView;
			sourceTree = "<group>";
		};
		E8E358B42AD755CB00EE32E6 = {
			isa = PBXGroup;
			children = (
				E8E358BF2AD755CB00EE32E6 /* reminderToWords */,
				E8E358D62AD755CE00EE32E6 /* reminderToWordsTests */,
				E8E358E02AD755CE00EE32E6 /* reminderToWordsUITests */,
				E8E358BE2AD755CB00EE32E6 /* Products */,
				E8B677FB2AF9350B00694A1F /* Frameworks */,
			);
			sourceTree = "<group>";
		};
		E8E358BE2AD755CB00EE32E6 /* Products */ = {
			isa = PBXGroup;
			children = (
				E8E358BD2AD755CB00EE32E6 /* reminderToWords.app */,
				E8E358D32AD755CE00EE32E6 /* reminderToWordsTests.xctest */,
				E8E358DD2AD755CE00EE32E6 /* reminderToWordsUITests.xctest */,
			);
			name = Products;
			sourceTree = "<group>";
		};
		E8E358BF2AD755CB00EE32E6 /* reminderToWords */ = {
			isa = PBXGroup;
			children = (
				E89413622B2F115100A44B76 /* reminderToWords.entitlements */,
				E8690FB02B2A832B004EAA12 /* GilroyFont */,
				E858E17D2AD824EC00E37212 /* Helpers */,
				E858E1742AD7619B00E37212 /* Extensions */,
				E858E1712AD760F800E37212 /* Controller */,
				E858E1702AD760F400E37212 /* View */,
				E8697CDE2AFABBC80077A8BD /* Services */,
				E858E16F2AD760EF00E37212 /* Model */,
				E8E358C92AD755CE00EE32E6 /* Assets.xcassets */,
				E858E16E2AD760C700E37212 /* Settings */,
				E858E17E2AD82EEC00E37212 /* PoppinsFont */,
				E8E358CE2AD755CE00EE32E6 /* Info.plist */,
			);
			path = reminderToWords;
			sourceTree = "<group>";
		};
		E8E358D62AD755CE00EE32E6 /* reminderToWordsTests */ = {
			isa = PBXGroup;
			children = (
				E8E358D72AD755CE00EE32E6 /* reminderToWordsTests.swift */,
			);
			path = reminderToWordsTests;
			sourceTree = "<group>";
		};
		E8E358E02AD755CE00EE32E6 /* reminderToWordsUITests */ = {
			isa = PBXGroup;
			children = (
				E8E358E12AD755CE00EE32E6 /* reminderToWordsUITests.swift */,
				E8E358E32AD755CE00EE32E6 /* reminderToWordsUITestsLaunchTests.swift */,
			);
			path = reminderToWordsUITests;
			sourceTree = "<group>";
		};
		E8EDEDDC2B10102C0051E511 /* CardViewCell */ = {
			isa = PBXGroup;
			children = (
				E8EDEDDD2B10104B0051E511 /* CardTableViewCell.swift */,
			);
			path = CardViewCell;
			sourceTree = "<group>";
		};
/* End PBXGroup section */

/* Begin PBXNativeTarget section */
		E8E358BC2AD755CB00EE32E6 /* reminderToWords */ = {
			isa = PBXNativeTarget;
			buildConfigurationList = E8E358E72AD755CE00EE32E6 /* Build configuration list for PBXNativeTarget "reminderToWords" */;
			buildPhases = (
				E8E358B92AD755CB00EE32E6 /* Sources */,
				E8E358BA2AD755CB00EE32E6 /* Frameworks */,
				E8E358BB2AD755CB00EE32E6 /* Resources */,
			);
			buildRules = (
			);
			dependencies = (
			);
			name = reminderToWords;
			packageProductDependencies = (
				E88B605F2AE7FBC70005649A /* UIOnboarding */,
				E8BD25B82AFBD926009E6597 /* FirebaseAnalytics */,
				E8BD25BA2AFBD926009E6597 /* FirebaseAnalyticsSwift */,
				E8BD25BC2AFBD926009E6597 /* FirebaseAnalyticsWithoutAdIdSupport */,
				E8BD25BE2AFBD926009E6597 /* FirebaseAuth */,
				E8BD25C02AFBD926009E6597 /* FirebaseDatabase */,
				E8BD25C22AFBD926009E6597 /* FirebaseDatabaseSwift */,
				E8BD25C42AFBD926009E6597 /* FirebaseFirestore */,
				E8BD25C62AFBD926009E6597 /* FirebaseFirestoreSwift */,
				E8BD25C82AFBD926009E6597 /* FirebaseStorage */,
				E88F541B2B2E486200903336 /* SwipeCellKit */,
				E89413602B2F10B800A44B76 /* FirebaseMessaging */,
			);
			productName = reminderToWords;
			productReference = E8E358BD2AD755CB00EE32E6 /* reminderToWords.app */;
			productType = "com.apple.product-type.application";
		};
		E8E358D22AD755CE00EE32E6 /* reminderToWordsTests */ = {
			isa = PBXNativeTarget;
			buildConfigurationList = E8E358EA2AD755CE00EE32E6 /* Build configuration list for PBXNativeTarget "reminderToWordsTests" */;
			buildPhases = (
				E8E358CF2AD755CE00EE32E6 /* Sources */,
				E8E358D02AD755CE00EE32E6 /* Frameworks */,
				E8E358D12AD755CE00EE32E6 /* Resources */,
			);
			buildRules = (
			);
			dependencies = (
				E8E358D52AD755CE00EE32E6 /* PBXTargetDependency */,
			);
			name = reminderToWordsTests;
			productName = reminderToWordsTests;
			productReference = E8E358D32AD755CE00EE32E6 /* reminderToWordsTests.xctest */;
			productType = "com.apple.product-type.bundle.unit-test";
		};
		E8E358DC2AD755CE00EE32E6 /* reminderToWordsUITests */ = {
			isa = PBXNativeTarget;
			buildConfigurationList = E8E358ED2AD755CE00EE32E6 /* Build configuration list for PBXNativeTarget "reminderToWordsUITests" */;
			buildPhases = (
				E8E358D92AD755CE00EE32E6 /* Sources */,
				E8E358DA2AD755CE00EE32E6 /* Frameworks */,
				E8E358DB2AD755CE00EE32E6 /* Resources */,
			);
			buildRules = (
			);
			dependencies = (
				E8E358DF2AD755CE00EE32E6 /* PBXTargetDependency */,
			);
			name = reminderToWordsUITests;
			productName = reminderToWordsUITests;
			productReference = E8E358DD2AD755CE00EE32E6 /* reminderToWordsUITests.xctest */;
			productType = "com.apple.product-type.bundle.ui-testing";
		};
/* End PBXNativeTarget section */

/* Begin PBXProject section */
		E8E358B52AD755CB00EE32E6 /* Project object */ = {
			isa = PBXProject;
			attributes = {
				BuildIndependentTargetsInParallel = 1;
				LastSwiftUpdateCheck = 1500;
				LastUpgradeCheck = 1500;
				TargetAttributes = {
					E8E358BC2AD755CB00EE32E6 = {
						CreatedOnToolsVersion = 15.0;
					};
					E8E358D22AD755CE00EE32E6 = {
						CreatedOnToolsVersion = 15.0;
						TestTargetID = E8E358BC2AD755CB00EE32E6;
					};
					E8E358DC2AD755CE00EE32E6 = {
						CreatedOnToolsVersion = 15.0;
						TestTargetID = E8E358BC2AD755CB00EE32E6;
					};
				};
			};
			buildConfigurationList = E8E358B82AD755CB00EE32E6 /* Build configuration list for PBXProject "reminderToWords" */;
			compatibilityVersion = "Xcode 14.0";
			developmentRegion = en;
			hasScannedForEncodings = 0;
			knownRegions = (
				en,
				Base,
			);
			mainGroup = E8E358B42AD755CB00EE32E6;
			packageReferences = (
				E88B605E2AE7FBC60005649A /* XCRemoteSwiftPackageReference "UIOnboarding" */,
				E8BD25B72AFBD926009E6597 /* XCRemoteSwiftPackageReference "firebase-ios-sdk" */,
				E88F541A2B2E486200903336 /* XCRemoteSwiftPackageReference "SwipeCellKit" */,
			);
			productRefGroup = E8E358BE2AD755CB00EE32E6 /* Products */;
			projectDirPath = "";
			projectRoot = "";
			targets = (
				E8E358BC2AD755CB00EE32E6 /* reminderToWords */,
				E8E358D22AD755CE00EE32E6 /* reminderToWordsTests */,
				E8E358DC2AD755CE00EE32E6 /* reminderToWordsUITests */,
			);
		};
/* End PBXProject section */

/* Begin PBXResourcesBuildPhase section */
		E8E358BB2AD755CB00EE32E6 /* Resources */ = {
			isa = PBXResourcesBuildPhase;
			buildActionMask = 2147483647;
			files = (
				E8690FC82B2A8346004EAA12 /* Gilroy-ExtraBoldItalic.ttf in Resources */,
				E858E1972AD82F0000E37212 /* Poppins-ExtraLightItalic.ttf in Resources */,
				E858E1932AD82F0000E37212 /* Poppins-ExtraBoldItalic.ttf in Resources */,
				E858E1952AD82F0000E37212 /* Poppins-LightItalic.ttf in Resources */,
				E858E1942AD82F0000E37212 /* Poppins-ExtraBold.ttf in Resources */,
				E8690FD62B2A8346004EAA12 /* Gilroy-ThinItalic.ttf in Resources */,
				E858E19F2AD82F0000E37212 /* Poppins-ExtraLight.ttf in Resources */,
				E8690FD02B2A8346004EAA12 /* Gilroy-Heavy.ttf in Resources */,
				E858E19C2AD82F0000E37212 /* Poppins-SemiBold.ttf in Resources */,
				E8690FD32B2A8346004EAA12 /* Gilroy-Light.ttf in Resources */,
				E8690FCC2B2A8346004EAA12 /* Gilroy-Medium.ttf in Resources */,
				E858E1962AD82F0000E37212 /* Poppins-Black.ttf in Resources */,
				E858E1A12AD82F0000E37212 /* Poppins-MediumItalic.ttf in Resources */,
				E858E1982AD82F0000E37212 /* Poppins-SemiBoldItalic.ttf in Resources */,
				E858E1A42AD82F0000E37212 /* Poppins-Regular.ttf in Resources */,
				E858E1A32AD82F0000E37212 /* Poppins-Medium.ttf in Resources */,
				E8690FCE2B2A8346004EAA12 /* Gilroy-MediumItalic.ttf in Resources */,
				E8690FC92B2A8346004EAA12 /* Gilroy-RegularItalic.ttf in Resources */,
				E8690FC72B2A8346004EAA12 /* Gilroy-BlackItalic.ttf in Resources */,
				E8690FD72B2A8346004EAA12 /* Gilroy-UltraLightItalic.ttf in Resources */,
				E858E1A22AD82F0000E37212 /* OFL.txt in Resources */,
				E8690FCF2B2A8346004EAA12 /* Gilroy-LightItalic.ttf in Resources */,
				E858E19E2AD82F0000E37212 /* Poppins-Bold.ttf in Resources */,
				E858E1A02AD82F0000E37212 /* Poppins-BoldItalic.ttf in Resources */,
				E8690FD82B2A8346004EAA12 /* Gilroy-ExtraBold.ttf in Resources */,
				E858E1922AD82F0000E37212 /* Poppins-Italic.ttf in Resources */,
				E8690FC62B2A8346004EAA12 /* Gilroy-Bold.ttf in Resources */,
				E8690FCD2B2A8346004EAA12 /* Gilroy-BoldItalic.ttf in Resources */,
				E858E19D2AD82F0000E37212 /* Poppins-BlackItalic.ttf in Resources */,
				E8690FCA2B2A8346004EAA12 /* Gilroy-UltraLight.ttf in Resources */,
				E8E358CD2AD755CE00EE32E6 /* LaunchScreen.storyboard in Resources */,
				E8690FD52B2A8346004EAA12 /* Gilroy-Regular.ttf in Resources */,
				E8E358CA2AD755CE00EE32E6 /* Assets.xcassets in Resources */,
				E8690FC52B2A8346004EAA12 /* Gilroy-SemiBold.ttf in Resources */,
				E858E19B2AD82F0000E37212 /* Poppins-ThinItalic.ttf in Resources */,
				E8BD25B62AFBD7A7009E6597 /* GoogleService-Info.plist in Resources */,
				E8690FD12B2A8346004EAA12 /* Gilroy-SemiBoldItalic.ttf in Resources */,
				E8690FCB2B2A8346004EAA12 /* Gilroy-Black.ttf in Resources */,
				E8690FD22B2A8346004EAA12 /* Gilroy-Thin.ttf in Resources */,
				E858E19A2AD82F0000E37212 /* Poppins-Light.ttf in Resources */,
				E8690FD42B2A8346004EAA12 /* Gilroy-HeavyItalic.ttf in Resources */,
				E858E1992AD82F0000E37212 /* Poppins-Thin.ttf in Resources */,
			);
			runOnlyForDeploymentPostprocessing = 0;
		};
		E8E358D12AD755CE00EE32E6 /* Resources */ = {
			isa = PBXResourcesBuildPhase;
			buildActionMask = 2147483647;
			files = (
			);
			runOnlyForDeploymentPostprocessing = 0;
		};
		E8E358DB2AD755CE00EE32E6 /* Resources */ = {
			isa = PBXResourcesBuildPhase;
			buildActionMask = 2147483647;
			files = (
			);
			runOnlyForDeploymentPostprocessing = 0;
		};
/* End PBXResourcesBuildPhase section */

/* Begin PBXSourcesBuildPhase section */
		E8E358B92AD755CB00EE32E6 /* Sources */ = {
			isa = PBXSourcesBuildPhase;
			buildActionMask = 2147483647;
			files = (
				E8BD25CD2AFC9437009E6597 /* AlertManager.swift in Sources */,
				E858E1732AD7619700E37212 /* Ext + UIView.swift in Sources */,
				E8BD25CF2AFCA012009E6597 /* ForgotPasswordViewController.swift in Sources */,
				E8B5DC172AFA334000047D1D /* LoginUserRequest.swift in Sources */,
				E83577B22AE09FD000C37473 /* DeckColorTableViewCell.swift in Sources */,
				E8697CDD2AFABB860077A8BD /* RegisterUserRequest.swift in Sources */,
				E8D75F172AF981AB00CD4857 /* LoginScreenViewController.swift in Sources */,
				E8EDEDDE2B10104B0051E511 /* CardTableViewCell.swift in Sources */,
				E8698B152AEB2A8900CC7144 /* DetailViewController.swift in Sources */,
				E84E4FF92B29181A00EA2266 /* Ext + HomePageCollectionView.swift in Sources */,
				E83FFE412ADE8B0F00C9A01A /* NewDeckViewController.swift in Sources */,
				E8E358C52AD755CB00EE32E6 /* SplashScreenViewController.swift in Sources */,
				E88B60632AE7FC020005649A /* OnboardingViewController.swift in Sources */,
				E882A4B42B287AF6006B795C /* Ext + CardViewController.swift in Sources */,
				E8E358C12AD755CB00EE32E6 /* AppDelegate.swift in Sources */,
				E8D75F1C2AF981EF00CD4857 /* LoginScreenView.swift in Sources */,
				E8552E552B0FB81400BCDE3E /* CardNameModel.swift in Sources */,
				E8D75F1E2AF981F800CD4857 /* RegisterView.swift in Sources */,
				E8697CDB2AFAB9A40077A8BD /* AuthService.swift in Sources */,
				E89E69A12B325B8E00E4725E /* RecycleBinController.swift in Sources */,
				E858E17C2AD8244E00E37212 /* UIComponentsHelper.swift in Sources */,
				E89E69A32B32623200E4725E /* RecycleBinCollectionCell.swift in Sources */,
				E87E559E2AF2D840006F2612 /* CardViewController.swift in Sources */,
				E8E358C32AD755CB00EE32E6 /* SceneDelegate.swift in Sources */,
				E83328132B2CE703006302E6 /* PasswordView.swift in Sources */,
				E8698B1A2AEBFDB900CC7144 /* DetailTableViewCell.swift in Sources */,
				E858E1A72AD83D4400E37212 /* HomePageCollectionViewController.swift in Sources */,
				E8BD25D12AFCA024009E6597 /* ForgotPasswordView.swift in Sources */,
				E82420BE2ADFF45E00B6993D /* NewDeckTableViewCell.swift in Sources */,
				E88B60652AE7FEA70005649A /* UIOnboardingHelper.swift in Sources */,
				E8D75F192AF981B600CD4857 /* RegisterViewController.swift in Sources */,
				E848090B2AE9AA93008FF04A /* DeckCellCollectionViewCell.swift in Sources */,
				E83577BA2AE150A100C37473 /* DeckImageTableViewCell.swift in Sources */,
				E858E1762AD7622000E37212 /* Ext + UIColor .swift in Sources */,
				E87E55A02AF2DB46006F2612 /* CardView.swift in Sources */,
				E84E4FFC2B29193500EA2266 /* TabBarController.swift in Sources */,
				E858E1AC2AD83E3E00E37212 /* HomePageView.swift in Sources */,
				E8690FAE2B2A5FBE004EAA12 /* ProfileViewController.swift in Sources */,
				E83FFE442ADE8EC300C9A01A /* NewDeckView.swift in Sources */,
				E8211ADE2B2CE6A400B73397 /* PasswordController.swift in Sources */,
				E80A633E2B054C44007BF642 /* DataModel.swift in Sources */,
				E858E1782AD7624400E37212 /* SplashScreenView.swift in Sources */,
				E89E69A52B33545E00E4725E /* NotificationProvider.swift in Sources */,
				E8690FDB2B2B2BF9004EAA12 /* ProfileView.swift in Sources */,
				E8BD25CB2AFC3586009E6597 /* Validator.swift in Sources */,
			);
			runOnlyForDeploymentPostprocessing = 0;
		};
		E8E358CF2AD755CE00EE32E6 /* Sources */ = {
			isa = PBXSourcesBuildPhase;
			buildActionMask = 2147483647;
			files = (
				E8E358D82AD755CE00EE32E6 /* reminderToWordsTests.swift in Sources */,
			);
			runOnlyForDeploymentPostprocessing = 0;
		};
		E8E358D92AD755CE00EE32E6 /* Sources */ = {
			isa = PBXSourcesBuildPhase;
			buildActionMask = 2147483647;
			files = (
				E8E358E22AD755CE00EE32E6 /* reminderToWordsUITests.swift in Sources */,
				E8E358E42AD755CE00EE32E6 /* reminderToWordsUITestsLaunchTests.swift in Sources */,
			);
			runOnlyForDeploymentPostprocessing = 0;
		};
/* End PBXSourcesBuildPhase section */

/* Begin PBXTargetDependency section */
		E8E358D52AD755CE00EE32E6 /* PBXTargetDependency */ = {
			isa = PBXTargetDependency;
			target = E8E358BC2AD755CB00EE32E6 /* reminderToWords */;
			targetProxy = E8E358D42AD755CE00EE32E6 /* PBXContainerItemProxy */;
		};
		E8E358DF2AD755CE00EE32E6 /* PBXTargetDependency */ = {
			isa = PBXTargetDependency;
			target = E8E358BC2AD755CB00EE32E6 /* reminderToWords */;
			targetProxy = E8E358DE2AD755CE00EE32E6 /* PBXContainerItemProxy */;
		};
/* End PBXTargetDependency section */

/* Begin PBXVariantGroup section */
		E8E358CB2AD755CE00EE32E6 /* LaunchScreen.storyboard */ = {
			isa = PBXVariantGroup;
			children = (
				E8E358CC2AD755CE00EE32E6 /* Base */,
			);
			name = LaunchScreen.storyboard;
			sourceTree = "<group>";
		};
/* End PBXVariantGroup section */

/* Begin XCBuildConfiguration section */
		E8E358E52AD755CE00EE32E6 /* Debug */ = {
			isa = XCBuildConfiguration;
			buildSettings = {
				ALWAYS_SEARCH_USER_PATHS = NO;
				ASSETCATALOG_COMPILER_GENERATE_SWIFT_ASSET_SYMBOL_EXTENSIONS = YES;
				CLANG_ANALYZER_NONNULL = YES;
				CLANG_ANALYZER_NUMBER_OBJECT_CONVERSION = YES_AGGRESSIVE;
				CLANG_CXX_LANGUAGE_STANDARD = "gnu++20";
				CLANG_ENABLE_MODULES = YES;
				CLANG_ENABLE_OBJC_ARC = YES;
				CLANG_ENABLE_OBJC_WEAK = YES;
				CLANG_WARN_BLOCK_CAPTURE_AUTORELEASING = YES;
				CLANG_WARN_BOOL_CONVERSION = YES;
				CLANG_WARN_COMMA = YES;
				CLANG_WARN_CONSTANT_CONVERSION = YES;
				CLANG_WARN_DEPRECATED_OBJC_IMPLEMENTATIONS = YES;
				CLANG_WARN_DIRECT_OBJC_ISA_USAGE = YES_ERROR;
				CLANG_WARN_DOCUMENTATION_COMMENTS = YES;
				CLANG_WARN_EMPTY_BODY = YES;
				CLANG_WARN_ENUM_CONVERSION = YES;
				CLANG_WARN_INFINITE_RECURSION = YES;
				CLANG_WARN_INT_CONVERSION = YES;
				CLANG_WARN_NON_LITERAL_NULL_CONVERSION = YES;
				CLANG_WARN_OBJC_IMPLICIT_RETAIN_SELF = YES;
				CLANG_WARN_OBJC_LITERAL_CONVERSION = YES;
				CLANG_WARN_OBJC_ROOT_CLASS = YES_ERROR;
				CLANG_WARN_QUOTED_INCLUDE_IN_FRAMEWORK_HEADER = YES;
				CLANG_WARN_RANGE_LOOP_ANALYSIS = YES;
				CLANG_WARN_STRICT_PROTOTYPES = YES;
				CLANG_WARN_SUSPICIOUS_MOVE = YES;
				CLANG_WARN_UNGUARDED_AVAILABILITY = YES_AGGRESSIVE;
				CLANG_WARN_UNREACHABLE_CODE = YES;
				CLANG_WARN__DUPLICATE_METHOD_MATCH = YES;
				COPY_PHASE_STRIP = NO;
				DEBUG_INFORMATION_FORMAT = dwarf;
				ENABLE_STRICT_OBJC_MSGSEND = YES;
				ENABLE_TESTABILITY = YES;
				ENABLE_USER_SCRIPT_SANDBOXING = YES;
				GCC_C_LANGUAGE_STANDARD = gnu17;
				GCC_DYNAMIC_NO_PIC = NO;
				GCC_NO_COMMON_BLOCKS = YES;
				GCC_OPTIMIZATION_LEVEL = 0;
				GCC_PREPROCESSOR_DEFINITIONS = (
					"DEBUG=1",
					"$(inherited)",
				);
				GCC_WARN_64_TO_32_BIT_CONVERSION = YES;
				GCC_WARN_ABOUT_RETURN_TYPE = YES_ERROR;
				GCC_WARN_UNDECLARED_SELECTOR = YES;
				GCC_WARN_UNINITIALIZED_AUTOS = YES_AGGRESSIVE;
				GCC_WARN_UNUSED_FUNCTION = YES;
				GCC_WARN_UNUSED_VARIABLE = YES;
				IPHONEOS_DEPLOYMENT_TARGET = 14.0;
				LOCALIZATION_PREFERS_STRING_CATALOGS = YES;
				MTL_ENABLE_DEBUG_INFO = INCLUDE_SOURCE;
				MTL_FAST_MATH = YES;
				ONLY_ACTIVE_ARCH = YES;
				SDKROOT = iphoneos;
				SWIFT_ACTIVE_COMPILATION_CONDITIONS = "DEBUG $(inherited)";
				SWIFT_OPTIMIZATION_LEVEL = "-Onone";
			};
			name = Debug;
		};
		E8E358E62AD755CE00EE32E6 /* Release */ = {
			isa = XCBuildConfiguration;
			buildSettings = {
				ALWAYS_SEARCH_USER_PATHS = NO;
				ASSETCATALOG_COMPILER_GENERATE_SWIFT_ASSET_SYMBOL_EXTENSIONS = YES;
				CLANG_ANALYZER_NONNULL = YES;
				CLANG_ANALYZER_NUMBER_OBJECT_CONVERSION = YES_AGGRESSIVE;
				CLANG_CXX_LANGUAGE_STANDARD = "gnu++20";
				CLANG_ENABLE_MODULES = YES;
				CLANG_ENABLE_OBJC_ARC = YES;
				CLANG_ENABLE_OBJC_WEAK = YES;
				CLANG_WARN_BLOCK_CAPTURE_AUTORELEASING = YES;
				CLANG_WARN_BOOL_CONVERSION = YES;
				CLANG_WARN_COMMA = YES;
				CLANG_WARN_CONSTANT_CONVERSION = YES;
				CLANG_WARN_DEPRECATED_OBJC_IMPLEMENTATIONS = YES;
				CLANG_WARN_DIRECT_OBJC_ISA_USAGE = YES_ERROR;
				CLANG_WARN_DOCUMENTATION_COMMENTS = YES;
				CLANG_WARN_EMPTY_BODY = YES;
				CLANG_WARN_ENUM_CONVERSION = YES;
				CLANG_WARN_INFINITE_RECURSION = YES;
				CLANG_WARN_INT_CONVERSION = YES;
				CLANG_WARN_NON_LITERAL_NULL_CONVERSION = YES;
				CLANG_WARN_OBJC_IMPLICIT_RETAIN_SELF = YES;
				CLANG_WARN_OBJC_LITERAL_CONVERSION = YES;
				CLANG_WARN_OBJC_ROOT_CLASS = YES_ERROR;
				CLANG_WARN_QUOTED_INCLUDE_IN_FRAMEWORK_HEADER = YES;
				CLANG_WARN_RANGE_LOOP_ANALYSIS = YES;
				CLANG_WARN_STRICT_PROTOTYPES = YES;
				CLANG_WARN_SUSPICIOUS_MOVE = YES;
				CLANG_WARN_UNGUARDED_AVAILABILITY = YES_AGGRESSIVE;
				CLANG_WARN_UNREACHABLE_CODE = YES;
				CLANG_WARN__DUPLICATE_METHOD_MATCH = YES;
				COPY_PHASE_STRIP = NO;
				DEBUG_INFORMATION_FORMAT = "dwarf-with-dsym";
				ENABLE_NS_ASSERTIONS = NO;
				ENABLE_STRICT_OBJC_MSGSEND = YES;
				ENABLE_USER_SCRIPT_SANDBOXING = YES;
				GCC_C_LANGUAGE_STANDARD = gnu17;
				GCC_NO_COMMON_BLOCKS = YES;
				GCC_WARN_64_TO_32_BIT_CONVERSION = YES;
				GCC_WARN_ABOUT_RETURN_TYPE = YES_ERROR;
				GCC_WARN_UNDECLARED_SELECTOR = YES;
				GCC_WARN_UNINITIALIZED_AUTOS = YES_AGGRESSIVE;
				GCC_WARN_UNUSED_FUNCTION = YES;
				GCC_WARN_UNUSED_VARIABLE = YES;
				IPHONEOS_DEPLOYMENT_TARGET = 14.0;
				LOCALIZATION_PREFERS_STRING_CATALOGS = YES;
				MTL_ENABLE_DEBUG_INFO = NO;
				MTL_FAST_MATH = YES;
				SDKROOT = iphoneos;
				SWIFT_COMPILATION_MODE = wholemodule;
				VALIDATE_PRODUCT = YES;
			};
			name = Release;
		};
		E8E358E82AD755CE00EE32E6 /* Debug */ = {
			isa = XCBuildConfiguration;
			buildSettings = {
				ASSETCATALOG_COMPILER_APPICON_NAME = AppIcon;
				ASSETCATALOG_COMPILER_GLOBAL_ACCENT_COLOR_NAME = AccentColor;
				CODE_SIGN_ENTITLEMENTS = reminderToWords/reminderToWords.entitlements;
				CODE_SIGN_IDENTITY = "Apple Development";
				CODE_SIGN_STYLE = Automatic;
				CURRENT_PROJECT_VERSION = 1;
				DEVELOPMENT_TEAM = 7T569GVN5Q;
				GENERATE_INFOPLIST_FILE = YES;
				INFOPLIST_FILE = reminderToWords/Info.plist;
				INFOPLIST_KEY_CFBundleDisplayName = WordRem;
				INFOPLIST_KEY_NSCameraUsageDescription = "\"Uygulama, fotoğraf çekme işlemi için kameraya erişim gerektirir. Fotoğraflarınızı çekmek için izin vermek ister misiniz?\"";
				INFOPLIST_KEY_NSPhotoLibraryUsageDescription = "\"Uygulama, fotoğraf galerisine erişim sağlamak için fotoğrafları profil resmi olarak ayarlamak için gereklidir.\" ";
				INFOPLIST_KEY_UIApplicationSupportsIndirectInputEvents = YES;
				INFOPLIST_KEY_UILaunchStoryboardName = LaunchScreen;
				INFOPLIST_KEY_UISupportedInterfaceOrientations_iPad = "UIInterfaceOrientationPortrait UIInterfaceOrientationPortraitUpsideDown UIInterfaceOrientationLandscapeLeft UIInterfaceOrientationLandscapeRight";
				INFOPLIST_KEY_UISupportedInterfaceOrientations_iPhone = "UIInterfaceOrientationPortrait UIInterfaceOrientationLandscapeLeft UIInterfaceOrientationLandscapeRight";
				IPHONEOS_DEPLOYMENT_TARGET = 14.0;
				LD_RUNPATH_SEARCH_PATHS = (
					"$(inherited)",
					"@executable_path/Frameworks",
				);
				MARKETING_VERSION = 1.2;
				PRODUCT_BUNDLE_IDENTIFIER = com.twinflare.reminderToWords;
				PRODUCT_NAME = "$(TARGET_NAME)";
				PROVISIONING_PROFILE_SPECIFIER = "";
				SUPPORTED_PLATFORMS = "iphoneos iphonesimulator";
				SUPPORTS_MACCATALYST = NO;
				SUPPORTS_MAC_DESIGNED_FOR_IPHONE_IPAD = YES;
				SWIFT_EMIT_LOC_STRINGS = YES;
				SWIFT_VERSION = 5.0;
				TARGETED_DEVICE_FAMILY = "1,2";
			};
			name = Debug;
		};
		E8E358E92AD755CE00EE32E6 /* Release */ = {
			isa = XCBuildConfiguration;
			buildSettings = {
				ASSETCATALOG_COMPILER_APPICON_NAME = AppIcon;
				ASSETCATALOG_COMPILER_GLOBAL_ACCENT_COLOR_NAME = AccentColor;
				CODE_SIGN_ENTITLEMENTS = reminderToWords/reminderToWords.entitlements;
				CODE_SIGN_IDENTITY = "Apple Development";
				CODE_SIGN_STYLE = Automatic;
				CURRENT_PROJECT_VERSION = 1;
				DEVELOPMENT_TEAM = 7T569GVN5Q;
				GENERATE_INFOPLIST_FILE = YES;
				INFOPLIST_FILE = reminderToWords/Info.plist;
				INFOPLIST_KEY_CFBundleDisplayName = WordRem;
				INFOPLIST_KEY_NSCameraUsageDescription = "\"Uygulama, fotoğraf çekme işlemi için kameraya erişim gerektirir. Fotoğraflarınızı çekmek için izin vermek ister misiniz?\"";
				INFOPLIST_KEY_NSPhotoLibraryUsageDescription = "\"Uygulama, fotoğraf galerisine erişim sağlamak için fotoğrafları profil resmi olarak ayarlamak için gereklidir.\" ";
				INFOPLIST_KEY_UIApplicationSupportsIndirectInputEvents = YES;
				INFOPLIST_KEY_UILaunchStoryboardName = LaunchScreen;
				INFOPLIST_KEY_UISupportedInterfaceOrientations_iPad = "UIInterfaceOrientationPortrait UIInterfaceOrientationPortraitUpsideDown UIInterfaceOrientationLandscapeLeft UIInterfaceOrientationLandscapeRight";
				INFOPLIST_KEY_UISupportedInterfaceOrientations_iPhone = "UIInterfaceOrientationPortrait UIInterfaceOrientationLandscapeLeft UIInterfaceOrientationLandscapeRight";
				IPHONEOS_DEPLOYMENT_TARGET = 14.0;
				LD_RUNPATH_SEARCH_PATHS = (
					"$(inherited)",
					"@executable_path/Frameworks",
				);
				MARKETING_VERSION = 1.2;
				PRODUCT_BUNDLE_IDENTIFIER = com.twinflare.reminderToWords;
				PRODUCT_NAME = "$(TARGET_NAME)";
				PROVISIONING_PROFILE_SPECIFIER = "";
				SUPPORTED_PLATFORMS = "iphoneos iphonesimulator";
				SUPPORTS_MACCATALYST = NO;
				SUPPORTS_MAC_DESIGNED_FOR_IPHONE_IPAD = YES;
				SWIFT_EMIT_LOC_STRINGS = YES;
				SWIFT_VERSION = 5.0;
				TARGETED_DEVICE_FAMILY = "1,2";
			};
			name = Release;
		};
		E8E358EB2AD755CE00EE32E6 /* Debug */ = {
			isa = XCBuildConfiguration;
			buildSettings = {
				ALWAYS_EMBED_SWIFT_STANDARD_LIBRARIES = YES;
				BUNDLE_LOADER = "$(TEST_HOST)";
				CODE_SIGN_STYLE = Automatic;
				CURRENT_PROJECT_VERSION = 1;
				GENERATE_INFOPLIST_FILE = YES;
				IPHONEOS_DEPLOYMENT_TARGET = 17.0;
				MARKETING_VERSION = 1.0;
				PRODUCT_BUNDLE_IDENTIFIER = com.twinflare.reminderToWordsTests;
				PRODUCT_NAME = "$(TARGET_NAME)";
				SWIFT_EMIT_LOC_STRINGS = NO;
				SWIFT_VERSION = 5.0;
				TARGETED_DEVICE_FAMILY = "1,2";
				TEST_HOST = "$(BUILT_PRODUCTS_DIR)/reminderToWords.app/$(BUNDLE_EXECUTABLE_FOLDER_PATH)/reminderToWords";
			};
			name = Debug;
		};
		E8E358EC2AD755CE00EE32E6 /* Release */ = {
			isa = XCBuildConfiguration;
			buildSettings = {
				ALWAYS_EMBED_SWIFT_STANDARD_LIBRARIES = YES;
				BUNDLE_LOADER = "$(TEST_HOST)";
				CODE_SIGN_STYLE = Automatic;
				CURRENT_PROJECT_VERSION = 1;
				GENERATE_INFOPLIST_FILE = YES;
				IPHONEOS_DEPLOYMENT_TARGET = 17.0;
				MARKETING_VERSION = 1.0;
				PRODUCT_BUNDLE_IDENTIFIER = com.twinflare.reminderToWordsTests;
				PRODUCT_NAME = "$(TARGET_NAME)";
				SWIFT_EMIT_LOC_STRINGS = NO;
				SWIFT_VERSION = 5.0;
				TARGETED_DEVICE_FAMILY = "1,2";
				TEST_HOST = "$(BUILT_PRODUCTS_DIR)/reminderToWords.app/$(BUNDLE_EXECUTABLE_FOLDER_PATH)/reminderToWords";
			};
			name = Release;
		};
		E8E358EE2AD755CE00EE32E6 /* Debug */ = {
			isa = XCBuildConfiguration;
			buildSettings = {
				ALWAYS_EMBED_SWIFT_STANDARD_LIBRARIES = YES;
				CODE_SIGN_STYLE = Automatic;
				CURRENT_PROJECT_VERSION = 1;
				GENERATE_INFOPLIST_FILE = YES;
				MARKETING_VERSION = 1.0;
				PRODUCT_BUNDLE_IDENTIFIER = com.twinflare.reminderToWordsUITests;
				PRODUCT_NAME = "$(TARGET_NAME)";
				SWIFT_EMIT_LOC_STRINGS = NO;
				SWIFT_VERSION = 5.0;
				TARGETED_DEVICE_FAMILY = "1,2";
				TEST_TARGET_NAME = reminderToWords;
			};
			name = Debug;
		};
		E8E358EF2AD755CE00EE32E6 /* Release */ = {
			isa = XCBuildConfiguration;
			buildSettings = {
				ALWAYS_EMBED_SWIFT_STANDARD_LIBRARIES = YES;
				CODE_SIGN_STYLE = Automatic;
				CURRENT_PROJECT_VERSION = 1;
				GENERATE_INFOPLIST_FILE = YES;
				MARKETING_VERSION = 1.0;
				PRODUCT_BUNDLE_IDENTIFIER = com.twinflare.reminderToWordsUITests;
				PRODUCT_NAME = "$(TARGET_NAME)";
				SWIFT_EMIT_LOC_STRINGS = NO;
				SWIFT_VERSION = 5.0;
				TARGETED_DEVICE_FAMILY = "1,2";
				TEST_TARGET_NAME = reminderToWords;
			};
			name = Release;
		};
/* End XCBuildConfiguration section */

/* Begin XCConfigurationList section */
		E8E358B82AD755CB00EE32E6 /* Build configuration list for PBXProject "reminderToWords" */ = {
			isa = XCConfigurationList;
			buildConfigurations = (
				E8E358E52AD755CE00EE32E6 /* Debug */,
				E8E358E62AD755CE00EE32E6 /* Release */,
			);
			defaultConfigurationIsVisible = 0;
			defaultConfigurationName = Release;
		};
		E8E358E72AD755CE00EE32E6 /* Build configuration list for PBXNativeTarget "reminderToWords" */ = {
			isa = XCConfigurationList;
			buildConfigurations = (
				E8E358E82AD755CE00EE32E6 /* Debug */,
				E8E358E92AD755CE00EE32E6 /* Release */,
			);
			defaultConfigurationIsVisible = 0;
			defaultConfigurationName = Release;
		};
		E8E358EA2AD755CE00EE32E6 /* Build configuration list for PBXNativeTarget "reminderToWordsTests" */ = {
			isa = XCConfigurationList;
			buildConfigurations = (
				E8E358EB2AD755CE00EE32E6 /* Debug */,
				E8E358EC2AD755CE00EE32E6 /* Release */,
			);
			defaultConfigurationIsVisible = 0;
			defaultConfigurationName = Release;
		};
		E8E358ED2AD755CE00EE32E6 /* Build configuration list for PBXNativeTarget "reminderToWordsUITests" */ = {
			isa = XCConfigurationList;
			buildConfigurations = (
				E8E358EE2AD755CE00EE32E6 /* Debug */,
				E8E358EF2AD755CE00EE32E6 /* Release */,
			);
			defaultConfigurationIsVisible = 0;
			defaultConfigurationName = Release;
		};
/* End XCConfigurationList section */

/* Begin XCRemoteSwiftPackageReference section */
		E88B605E2AE7FBC60005649A /* XCRemoteSwiftPackageReference "UIOnboarding" */ = {
			isa = XCRemoteSwiftPackageReference;
			repositoryURL = "https://github.com/lascic/UIOnboarding.git";
			requirement = {
				kind = upToNextMajorVersion;
				minimumVersion = 2.0.3;
			};
		};
		E88F541A2B2E486200903336 /* XCRemoteSwiftPackageReference "SwipeCellKit" */ = {
			isa = XCRemoteSwiftPackageReference;
			repositoryURL = "https://github.com/SwipeCellKit/SwipeCellKit";
			requirement = {
				kind = upToNextMajorVersion;
				minimumVersion = 2.7.1;
			};
		};
		E8BD25B72AFBD926009E6597 /* XCRemoteSwiftPackageReference "firebase-ios-sdk" */ = {
			isa = XCRemoteSwiftPackageReference;
			repositoryURL = "https://github.com/firebase/firebase-ios-sdk.git";
			requirement = {
				kind = exactVersion;
				version = 10.17.0;
			};
		};
/* End XCRemoteSwiftPackageReference section */

/* Begin XCSwiftPackageProductDependency section */
		E88B605F2AE7FBC70005649A /* UIOnboarding */ = {
			isa = XCSwiftPackageProductDependency;
			package = E88B605E2AE7FBC60005649A /* XCRemoteSwiftPackageReference "UIOnboarding" */;
			productName = UIOnboarding;
		};
		E88F541B2B2E486200903336 /* SwipeCellKit */ = {
			isa = XCSwiftPackageProductDependency;
			package = E88F541A2B2E486200903336 /* XCRemoteSwiftPackageReference "SwipeCellKit" */;
			productName = SwipeCellKit;
		};
		E89413602B2F10B800A44B76 /* FirebaseMessaging */ = {
			isa = XCSwiftPackageProductDependency;
			package = E8BD25B72AFBD926009E6597 /* XCRemoteSwiftPackageReference "firebase-ios-sdk" */;
			productName = FirebaseMessaging;
		};
		E8BD25B82AFBD926009E6597 /* FirebaseAnalytics */ = {
			isa = XCSwiftPackageProductDependency;
			package = E8BD25B72AFBD926009E6597 /* XCRemoteSwiftPackageReference "firebase-ios-sdk" */;
			productName = FirebaseAnalytics;
		};
		E8BD25BA2AFBD926009E6597 /* FirebaseAnalyticsSwift */ = {
			isa = XCSwiftPackageProductDependency;
			package = E8BD25B72AFBD926009E6597 /* XCRemoteSwiftPackageReference "firebase-ios-sdk" */;
			productName = FirebaseAnalyticsSwift;
		};
		E8BD25BC2AFBD926009E6597 /* FirebaseAnalyticsWithoutAdIdSupport */ = {
			isa = XCSwiftPackageProductDependency;
			package = E8BD25B72AFBD926009E6597 /* XCRemoteSwiftPackageReference "firebase-ios-sdk" */;
			productName = FirebaseAnalyticsWithoutAdIdSupport;
		};
		E8BD25BE2AFBD926009E6597 /* FirebaseAuth */ = {
			isa = XCSwiftPackageProductDependency;
			package = E8BD25B72AFBD926009E6597 /* XCRemoteSwiftPackageReference "firebase-ios-sdk" */;
			productName = FirebaseAuth;
		};
		E8BD25C02AFBD926009E6597 /* FirebaseDatabase */ = {
			isa = XCSwiftPackageProductDependency;
			package = E8BD25B72AFBD926009E6597 /* XCRemoteSwiftPackageReference "firebase-ios-sdk" */;
			productName = FirebaseDatabase;
		};
		E8BD25C22AFBD926009E6597 /* FirebaseDatabaseSwift */ = {
			isa = XCSwiftPackageProductDependency;
			package = E8BD25B72AFBD926009E6597 /* XCRemoteSwiftPackageReference "firebase-ios-sdk" */;
			productName = FirebaseDatabaseSwift;
		};
		E8BD25C42AFBD926009E6597 /* FirebaseFirestore */ = {
			isa = XCSwiftPackageProductDependency;
			package = E8BD25B72AFBD926009E6597 /* XCRemoteSwiftPackageReference "firebase-ios-sdk" */;
			productName = FirebaseFirestore;
		};
		E8BD25C62AFBD926009E6597 /* FirebaseFirestoreSwift */ = {
			isa = XCSwiftPackageProductDependency;
			package = E8BD25B72AFBD926009E6597 /* XCRemoteSwiftPackageReference "firebase-ios-sdk" */;
			productName = FirebaseFirestoreSwift;
		};
		E8BD25C82AFBD926009E6597 /* FirebaseStorage */ = {
			isa = XCSwiftPackageProductDependency;
			package = E8BD25B72AFBD926009E6597 /* XCRemoteSwiftPackageReference "firebase-ios-sdk" */;
			productName = FirebaseStorage;
		};
/* End XCSwiftPackageProductDependency section */
	};
	rootObject = E8E358B52AD755CB00EE32E6 /* Project object */;
}
